// !$*UTF8*$!
{
	archiveVersion = 1;
	classes = {
	};
	objectVersion = 50;
	objects = {

/* Begin PBXBuildFile section */
		5220A7A22219E8FE00757250 /* AppDelegate.swift in Sources */ = {isa = PBXBuildFile; fileRef = 5220A7A12219E8FE00757250 /* AppDelegate.swift */; };
		5220A7A42219E8FE00757250 /* ViewController.swift in Sources */ = {isa = PBXBuildFile; fileRef = 5220A7A32219E8FE00757250 /* ViewController.swift */; };
		5220A7A72219E8FE00757250 /* Main.storyboard in Resources */ = {isa = PBXBuildFile; fileRef = 5220A7A52219E8FE00757250 /* Main.storyboard */; };
		5220A7AA2219E8FE00757250 /* DreamJob.xcdatamodeld in Sources */ = {isa = PBXBuildFile; fileRef = 5220A7A82219E8FE00757250 /* DreamJob.xcdatamodeld */; };
		5220A7AC2219E90200757250 /* Assets.xcassets in Resources */ = {isa = PBXBuildFile; fileRef = 5220A7AB2219E90200757250 /* Assets.xcassets */; };
		5220A7AF2219E90200757250 /* LaunchScreen.storyboard in Resources */ = {isa = PBXBuildFile; fileRef = 5220A7AD2219E90200757250 /* LaunchScreen.storyboard */; };
		5220A7BA2219E90300757250 /* DreamJobUITests.swift in Sources */ = {isa = PBXBuildFile; fileRef = 5220A7B92219E90300757250 /* DreamJobUITests.swift */; };
/* End PBXBuildFile section */

/* Begin PBXContainerItemProxy section */
		5220A7B62219E90300757250 /* PBXContainerItemProxy */ = {
			isa = PBXContainerItemProxy;
			containerPortal = 5220A7962219E8FE00757250 /* Project object */;
			proxyType = 1;
			remoteGlobalIDString = 5220A79D2219E8FE00757250;
			remoteInfo = DreamJob;
		};
/* End PBXContainerItemProxy section */

/* Begin PBXFileReference section */
		5220A79E2219E8FE00757250 /* DreamJob.app */ = {isa = PBXFileReference; explicitFileType = wrapper.application; includeInIndex = 0; path = DreamJob.app; sourceTree = BUILT_PRODUCTS_DIR; };
		5220A7A12219E8FE00757250 /* AppDelegate.swift */ = {isa = PBXFileReference; lastKnownFileType = sourcecode.swift; path = AppDelegate.swift; sourceTree = "<group>"; };
		5220A7A32219E8FE00757250 /* ViewController.swift */ = {isa = PBXFileReference; lastKnownFileType = sourcecode.swift; path = ViewController.swift; sourceTree = "<group>"; };
		5220A7A62219E8FE00757250 /* Base */ = {isa = PBXFileReference; lastKnownFileType = file.storyboard; name = Base; path = Base.lproj/Main.storyboard; sourceTree = "<group>"; };
		5220A7A92219E8FE00757250 /* DreamJob.xcdatamodel */ = {isa = PBXFileReference; lastKnownFileType = wrapper.xcdatamodel; path = DreamJob.xcdatamodel; sourceTree = "<group>"; };
		5220A7AB2219E90200757250 /* Assets.xcassets */ = {isa = PBXFileReference; lastKnownFileType = folder.assetcatalog; path = Assets.xcassets; sourceTree = "<group>"; };
		5220A7AE2219E90200757250 /* Base */ = {isa = PBXFileReference; lastKnownFileType = file.storyboard; name = Base; path = Base.lproj/LaunchScreen.storyboard; sourceTree = "<group>"; };
		5220A7B02219E90200757250 /* Info.plist */ = {isa = PBXFileReference; lastKnownFileType = text.plist.xml; path = Info.plist; sourceTree = "<group>"; };
		5220A7B52219E90300757250 /* DreamJobUITests.xctest */ = {isa = PBXFileReference; explicitFileType = wrapper.cfbundle; includeInIndex = 0; path = DreamJobUITests.xctest; sourceTree = BUILT_PRODUCTS_DIR; };
		5220A7B92219E90300757250 /* DreamJobUITests.swift */ = {isa = PBXFileReference; lastKnownFileType = sourcecode.swift; path = DreamJobUITests.swift; sourceTree = "<group>"; };
		5220A7BB2219E90300757250 /* Info.plist */ = {isa = PBXFileReference; lastKnownFileType = text.plist.xml; path = Info.plist; sourceTree = "<group>"; };
/* End PBXFileReference section */

/* Begin PBXFrameworksBuildPhase section */
		5220A79B2219E8FE00757250 /* Frameworks */ = {
			isa = PBXFrameworksBuildPhase;
			buildActionMask = 2147483647;
			files = (
			);
			runOnlyForDeploymentPostprocessing = 0;
		};
		5220A7B22219E90300757250 /* Frameworks */ = {
			isa = PBXFrameworksBuildPhase;
			buildActionMask = 2147483647;
			files = (
			);
			runOnlyForDeploymentPostprocessing = 0;
		};
/* End PBXFrameworksBuildPhase section */

/* Begin PBXGroup section */
		5220A7952219E8FE00757250 = {
			isa = PBXGroup;
			children = (
				5220A7A02219E8FE00757250 /* DreamJob */,
				5220A7B82219E90300757250 /* DreamJobUITests */,
				5220A79F2219E8FE00757250 /* Products */,
			);
			sourceTree = "<group>";
		};
		5220A79F2219E8FE00757250 /* Products */ = {
			isa = PBXGroup;
			children = (
				5220A79E2219E8FE00757250 /* DreamJob.app */,
				5220A7B52219E90300757250 /* DreamJobUITests.xctest */,
			);
			name = Products;
			sourceTree = "<group>";
		};
		5220A7A02219E8FE00757250 /* DreamJob */ = {
			isa = PBXGroup;
			children = (
				5220A7A12219E8FE00757250 /* AppDelegate.swift */,
				5220A7A32219E8FE00757250 /* ViewController.swift */,
				5220A7A52219E8FE00757250 /* Main.storyboard */,
				5220A7AB2219E90200757250 /* Assets.xcassets */,
				5220A7AD2219E90200757250 /* LaunchScreen.storyboard */,
				5220A7B02219E90200757250 /* Info.plist */,
				5220A7A82219E8FE00757250 /* DreamJob.xcdatamodeld */,
			);
			path = DreamJob;
			sourceTree = "<group>";
		};
		5220A7B82219E90300757250 /* DreamJobUITests */ = {
			isa = PBXGroup;
			children = (
				5220A7B92219E90300757250 /* DreamJobUITests.swift */,
				5220A7BB2219E90300757250 /* Info.plist */,
			);
			path = DreamJobUITests;
			sourceTree = "<group>";
		};
/* End PBXGroup section */

/* Begin PBXNativeTarget section */
		5220A79D2219E8FE00757250 /* DreamJob */ = {
			isa = PBXNativeTarget;
			buildConfigurationList = 5220A7BE2219E90300757250 /* Build configuration list for PBXNativeTarget "DreamJob" */;
			buildPhases = (
				5220A79A2219E8FE00757250 /* Sources */,
				5220A79B2219E8FE00757250 /* Frameworks */,
				5220A79C2219E8FE00757250 /* Resources */,
			);
			buildRules = (
			);
			dependencies = (
			);
			name = DreamJob;
			productName = DreamJob;
			productReference = 5220A79E2219E8FE00757250 /* DreamJob.app */;
			productType = "com.apple.product-type.application";
		};
		5220A7B42219E90300757250 /* DreamJobUITests */ = {
			isa = PBXNativeTarget;
			buildConfigurationList = 5220A7C12219E90300757250 /* Build configuration list for PBXNativeTarget "DreamJobUITests" */;
			buildPhases = (
				5220A7B12219E90300757250 /* Sources */,
				5220A7B22219E90300757250 /* Frameworks */,
				5220A7B32219E90300757250 /* Resources */,
			);
			buildRules = (
			);
			dependencies = (
				5220A7B72219E90300757250 /* PBXTargetDependency */,
			);
			name = DreamJobUITests;
			productName = DreamJobUITests;
			productReference = 5220A7B52219E90300757250 /* DreamJobUITests.xctest */;
			productType = "com.apple.product-type.bundle.ui-testing";
		};
/* End PBXNativeTarget section */

/* Begin PBXProject section */
		5220A7962219E8FE00757250 /* Project object */ = {
			isa = PBXProject;
			attributes = {
				LastSwiftUpdateCheck = 1010;
				LastUpgradeCheck = 1010;
				ORGANIZATIONNAME = "Vo Tung";
				TargetAttributes = {
					5220A79D2219E8FE00757250 = {
						CreatedOnToolsVersion = 10.1;
					};
					5220A7B42219E90300757250 = {
						CreatedOnToolsVersion = 10.1;
						TestTargetID = 5220A79D2219E8FE00757250;
					};
				};
			};
			buildConfigurationList = 5220A7992219E8FE00757250 /* Build configuration list for PBXProject "DreamJob" */;
			compatibilityVersion = "Xcode 9.3";
			developmentRegion = en;
			hasScannedForEncodings = 0;
			knownRegions = (
				en,
				Base,
			);
			mainGroup = 5220A7952219E8FE00757250;
			productRefGroup = 5220A79F2219E8FE00757250 /* Products */;
			projectDirPath = "";
			projectRoot = "";
			targets = (
				5220A79D2219E8FE00757250 /* DreamJob */,
				5220A7B42219E90300757250 /* DreamJobUITests */,
			);
		};
/* End PBXProject section */

/* Begin PBXResourcesBuildPhase section */
		5220A79C2219E8FE00757250 /* Resources */ = {
			isa = PBXResourcesBuildPhase;
			buildActionMask = 2147483647;
			files = (
				5220A7AF2219E90200757250 /* LaunchScreen.storyboard in Resources */,
				5220A7AC2219E90200757250 /* Assets.xcassets in Resources */,
				5220A7A72219E8FE00757250 /* Main.storyboard in Resources */,
			);
			runOnlyForDeploymentPostprocessing = 0;
		};
		5220A7B32219E90300757250 /* Resources */ = {
			isa = PBXResourcesBuildPhase;
			buildActionMask = 2147483647;
			files = (
			);
			runOnlyForDeploymentPostprocessing = 0;
		};
/* End PBXResourcesBuildPhase section */

/* Begin PBXSourcesBuildPhase section */
		5220A79A2219E8FE00757250 /* Sources */ = {
			isa = PBXSourcesBuildPhase;
			buildActionMask = 2147483647;
			files = (
				5220A7A42219E8FE00757250 /* ViewController.swift in Sources */,
				5220A7A22219E8FE00757250 /* AppDelegate.swift in Sources */,
				5220A7AA2219E8FE00757250 /* DreamJob.xcdatamodeld in Sources */,
			);
			runOnlyForDeploymentPostprocessing = 0;
		};
		5220A7B12219E90300757250 /* Sources */ = {
			isa = PBXSourcesBuildPhase;
			buildActionMask = 2147483647;
			files = (
				5220A7BA2219E90300757250 /* DreamJobUITests.swift in Sources */,
			);
			runOnlyForDeploymentPostprocessing = 0;
		};
/* End PBXSourcesBuildPhase section */

/* Begin PBXTargetDependency section */
		5220A7B72219E90300757250 /* PBXTargetDependency */ = {
			isa = PBXTargetDependency;
			target = 5220A79D2219E8FE00757250 /* DreamJob */;
			targetProxy = 5220A7B62219E90300757250 /* PBXContainerItemProxy */;
		};
/* End PBXTargetDependency section */

/* Begin PBXVariantGroup section */
		5220A7A52219E8FE00757250 /* Main.storyboard */ = {
			isa = PBXVariantGroup;
			children = (
				5220A7A62219E8FE00757250 /* Base */,
			);
			name = Main.storyboard;
			sourceTree = "<group>";
		};
		5220A7AD2219E90200757250 /* LaunchScreen.storyboard */ = {
			isa = PBXVariantGroup;
			children = (
				5220A7AE2219E90200757250 /* Base */,
			);
			name = LaunchScreen.storyboard;
			sourceTree = "<group>";
		};
/* End PBXVariantGroup section */

/* Begin XCBuildConfiguration section */
		5220A7BC2219E90300757250 /* Debug */ = {
			isa = XCBuildConfiguration;
			buildSettings = {
				ALWAYS_SEARCH_USER_PATHS = NO;
				CLANG_ANALYZER_NONNULL = YES;
				CLANG_ANALYZER_NUMBER_OBJECT_CONVERSION = YES_AGGRESSIVE;
				CLANG_CXX_LANGUAGE_STANDARD = "gnu++14";
				CLANG_CXX_LIBRARY = "libc++";
				CLANG_ENABLE_MODULES = YES;
				CLANG_ENABLE_OBJC_ARC = YES;
				CLANG_ENABLE_OBJC_WEAK = YES;
				CLANG_WARN_BLOCK_CAPTURE_AUTORELEASING = YES;
				CLANG_WARN_BOOL_CONVERSION = YES;
				CLANG_WARN_COMMA = YES;
				CLANG_WARN_CONSTANT_CONVERSION = YES;
				CLANG_WARN_DEPRECATED_OBJC_IMPLEMENTATIONS = YES;
				CLANG_WARN_DIRECT_OBJC_ISA_USAGE = YES_ERROR;
				CLANG_WARN_DOCUMENTATION_COMMENTS = YES;
				CLANG_WARN_EMPTY_BODY = YES;
				CLANG_WARN_ENUM_CONVERSION = YES;
				CLANG_WARN_INFINITE_RECURSION = YES;
				CLANG_WARN_INT_CONVERSION = YES;
				CLANG_WARN_NON_LITERAL_NULL_CONVERSION = YES;
				CLANG_WARN_OBJC_IMPLICIT_RETAIN_SELF = YES;
				CLANG_WARN_OBJC_LITERAL_CONVERSION = YES;
				CLANG_WARN_OBJC_ROOT_CLASS = YES_ERROR;
				CLANG_WARN_RANGE_LOOP_ANALYSIS = YES;
				CLANG_WARN_STRICT_PROTOTYPES = YES;
				CLANG_WARN_SUSPICIOUS_MOVE = YES;
				CLANG_WARN_UNGUARDED_AVAILABILITY = YES_AGGRESSIVE;
				CLANG_WARN_UNREACHABLE_CODE = YES;
				CLANG_WARN__DUPLICATE_METHOD_MATCH = YES;
				CODE_SIGN_IDENTITY = "iPhone Developer";
				COPY_PHASE_STRIP = NO;
				DEBUG_INFORMATION_FORMAT = dwarf;
				ENABLE_STRICT_OBJC_MSGSEND = YES;
				ENABLE_TESTABILITY = YES;
				GCC_C_LANGUAGE_STANDARD = gnu11;
				GCC_DYNAMIC_NO_PIC = NO;
				GCC_NO_COMMON_BLOCKS = YES;
				GCC_OPTIMIZATION_LEVEL = 0;
				GCC_PREPROCESSOR_DEFINITIONS = (
					"DEBUG=1",
					"$(inherited)",
				);
				GCC_WARN_64_TO_32_BIT_CONVERSION = YES;
				GCC_WARN_ABOUT_RETURN_TYPE = YES_ERROR;
				GCC_WARN_UNDECLARED_SELECTOR = YES;
				GCC_WARN_UNINITIALIZED_AUTOS = YES_AGGRESSIVE;
				GCC_WARN_UNUSED_FUNCTION = YES;
				GCC_WARN_UNUSED_VARIABLE = YES;
				IPHONEOS_DEPLOYMENT_TARGET = 12.1;
				MTL_ENABLE_DEBUG_INFO = INCLUDE_SOURCE;
				MTL_FAST_MATH = YES;
				ONLY_ACTIVE_ARCH = YES;
				SDKROOT = iphoneos;
				SWIFT_ACTIVE_COMPILATION_CONDITIONS = DEBUG;
				SWIFT_OPTIMIZATION_LEVEL = "-Onone";
			};
			name = Debug;
		};
		5220A7BD2219E90300757250 /* Release */ = {
			isa = XCBuildConfiguration;
			buildSettings = {
				ALWAYS_SEARCH_USER_PATHS = NO;
				CLANG_ANALYZER_NONNULL = YES;
				CLANG_ANALYZER_NUMBER_OBJECT_CONVERSION = YES_AGGRESSIVE;
				CLANG_CXX_LANGUAGE_STANDARD = "gnu++14";
				CLANG_CXX_LIBRARY = "libc++";
				CLANG_ENABLE_MODULES = YES;
				CLANG_ENABLE_OBJC_ARC = YES;
				CLANG_ENABLE_OBJC_WEAK = YES;
				CLANG_WARN_BLOCK_CAPTURE_AUTORELEASING = YES;
				CLANG_WARN_BOOL_CONVERSION = YES;
				CLANG_WARN_COMMA = YES;
				CLANG_WARN_CONSTANT_CONVERSION = YES;
				CLANG_WARN_DEPRECATED_OBJC_IMPLEMENTATIONS = YES;
				CLANG_WARN_DIRECT_OBJC_ISA_USAGE = YES_ERROR;
				CLANG_WARN_DOCUMENTATION_COMMENTS = YES;
				CLANG_WARN_EMPTY_BODY = YES;
				CLANG_WARN_ENUM_CONVERSION = YES;
				CLANG_WARN_INFINITE_RECURSION = YES;
				CLANG_WARN_INT_CONVERSION = YES;
				CLANG_WARN_NON_LITERAL_NULL_CONVERSION = YES;
				CLANG_WARN_OBJC_IMPLICIT_RETAIN_SELF = YES;
				CLANG_WARN_OBJC_LITERAL_CONVERSION = YES;
				CLANG_WARN_OBJC_ROOT_CLASS = YES_ERROR;
				CLANG_WARN_RANGE_LOOP_ANALYSIS = YES;
				CLANG_WARN_STRICT_PROTOTYPES = YES;
				CLANG_WARN_SUSPICIOUS_MOVE = YES;
				CLANG_WARN_UNGUARDED_AVAILABILITY = YES_AGGRESSIVE;
				CLANG_WARN_UNREACHABLE_CODE = YES;
				CLANG_WARN__DUPLICATE_METHOD_MATCH = YES;
				CODE_SIGN_IDENTITY = "iPhone Developer";
				COPY_PHASE_STRIP = NO;
				DEBUG_INFORMATION_FORMAT = "dwarf-with-dsym";
				ENABLE_NS_ASSERTIONS = NO;
				ENABLE_STRICT_OBJC_MSGSEND = YES;
				GCC_C_LANGUAGE_STANDARD = gnu11;
				GCC_NO_COMMON_BLOCKS = YES;
				GCC_WARN_64_TO_32_BIT_CONVERSION = YES;
				GCC_WARN_ABOUT_RETURN_TYPE = YES_ERROR;
				GCC_WARN_UNDECLARED_SELECTOR = YES;
				GCC_WARN_UNINITIALIZED_AUTOS = YES_AGGRESSIVE;
				GCC_WARN_UNUSED_FUNCTION = YES;
				GCC_WARN_UNUSED_VARIABLE = YES;
				IPHONEOS_DEPLOYMENT_TARGET = 12.1;
				MTL_ENABLE_DEBUG_INFO = NO;
				MTL_FAST_MATH = YES;
				SDKROOT = iphoneos;
				SWIFT_COMPILATION_MODE = wholemodule;
				SWIFT_OPTIMIZATION_LEVEL = "-O";
				VALIDATE_PRODUCT = YES;
			};
			name = Release;
		};
		5220A7BF2219E90300757250 /* Debug */ = {
			isa = XCBuildConfiguration;
			buildSettings = {
				ASSETCATALOG_COMPILER_APPICON_NAME = AppIcon;
				CODE_SIGN_STYLE = Automatic;
				DEVELOPMENT_TEAM = Q8HFXRRGLT;
				INFOPLIST_FILE = DreamJob/Info.plist;
				LD_RUNPATH_SEARCH_PATHS = (
					"$(inherited)",
					"@executable_path/Frameworks",
				);
				PRODUCT_BUNDLE_IDENTIFIER = tungvoduc.DreamJob;
				PRODUCT_NAME = "$(TARGET_NAME)";
				SWIFT_VERSION = 4.2;
				TARGETED_DEVICE_FAMILY = "1,2";
			};
			name = Debug;
		};
		5220A7C02219E90300757250 /* Release */ = {
			isa = XCBuildConfiguration;
			buildSettings = {
				ASSETCATALOG_COMPILER_APPICON_NAME = AppIcon;
				CODE_SIGN_STYLE = Automatic;
				DEVELOPMENT_TEAM = Q8HFXRRGLT;
				INFOPLIST_FILE = DreamJob/Info.plist;
				LD_RUNPATH_SEARCH_PATHS = (
					"$(inherited)",
					"@executable_path/Frameworks",
				);
				PRODUCT_BUNDLE_IDENTIFIER = tungvoduc.DreamJob;
				PRODUCT_NAME = "$(TARGET_NAME)";
				SWIFT_VERSION = 4.2;
				TARGETED_DEVICE_FAMILY = "1,2";
			};
			name = Release;
		};
		5220A7C22219E90300757250 /* Debug */ = {
			isa = XCBuildConfiguration;
			buildSettings = {
				ALWAYS_EMBED_SWIFT_STANDARD_LIBRARIES = YES;
				CODE_SIGN_STYLE = Automatic;
				DEVELOPMENT_TEAM = Q8HFXRRGLT;
				INFOPLIST_FILE = DreamJobUITests/Info.plist;
				LD_RUNPATH_SEARCH_PATHS = (
					"$(inherited)",
					"@executable_path/Frameworks",
					"@loader_path/Frameworks",
				);
				PRODUCT_BUNDLE_IDENTIFIER = tungvoduc.DreamJobUITests;
				PRODUCT_NAME = "$(TARGET_NAME)";
				SWIFT_VERSION = 4.2;
				TARGETED_DEVICE_FAMILY = "1,2";
				TEST_TARGET_NAME = DreamJob;
			};
			name = Debug;
		};
		5220A7C32219E90300757250 /* Release */ = {
			isa = XCBuildConfiguration;
			buildSettings = {
				ALWAYS_EMBED_SWIFT_STANDARD_LIBRARIES = YES;
				CODE_SIGN_STYLE = Automatic;
				DEVELOPMENT_TEAM = Q8HFXRRGLT;
				INFOPLIST_FILE = DreamJobUITests/Info.plist;
				LD_RUNPATH_SEARCH_PATHS = (
					"$(inherited)",
					"@executable_path/Frameworks",
					"@loader_path/Frameworks",
				);
				PRODUCT_BUNDLE_IDENTIFIER = tungvoduc.DreamJobUITests;
				PRODUCT_NAME = "$(TARGET_NAME)";
				SWIFT_VERSION = 4.2;
				TARGETED_DEVICE_FAMILY = "1,2";
				TEST_TARGET_NAME = DreamJob;
			};
			name = Release;
		};
/* End XCBuildConfiguration section */

/* Begin XCConfigurationList section */
		5220A7992219E8FE00757250 /* Build configuration list for PBXProject "DreamJob" */ = {
			isa = XCConfigurationList;
			buildConfigurations = (
				5220A7BC2219E90300757250 /* Debug */,
				5220A7BD2219E90300757250 /* Release */,
			);
			defaultConfigurationIsVisible = 0;
			defaultConfigurationName = Release;
		};
		5220A7BE2219E90300757250 /* Build configuration list for PBXNativeTarget "DreamJob" */ = {
			isa = XCConfigurationList;
			buildConfigurations = (
				5220A7BF2219E90300757250 /* Debug */,
				5220A7C02219E90300757250 /* Release */,
			);
			defaultConfigurationIsVisible = 0;
			defaultConfigurationName = Release;
		};
		5220A7C12219E90300757250 /* Build configuration list for PBXNativeTarget "DreamJobUITests" */ = {
			isa = XCConfigurationList;
			buildConfigurations = (
				5220A7C22219E90300757250 /* Debug */,
				5220A7C32219E90300757250 /* Release */,
			);
			defaultConfigurationIsVisible = 0;
			defaultConfigurationName = Release;
		};
/* End XCConfigurationList section */

/* Begin XCVersionGroup section */
		5220A7A82219E8FE00757250 /* DreamJob.xcdatamodeld */ = {
			isa = XCVersionGroup;
			children = (
				5220A7A92219E8FE00757250 /* DreamJob.xcdatamodel */,
			);
			currentVersion = 5220A7A92219E8FE00757250 /* DreamJob.xcdatamodel */;
			path = DreamJob.xcdatamodeld;
			sourceTree = "<group>";
			versionGroupType = wrapper.xcdatamodel;
		};
/* End XCVersionGroup section */
	};
	rootObject = 5220A7962219E8FE00757250 /* Project object */;
}
