// !$*UTF8*$!
{
	archiveVersion = 1;
	classes = {
	};
	objectVersion = 50;
	objects = {

/* Begin PBXBuildFile section */
		2A480F1197E0E4A962F32D6A /* Pods_DreamJobTests.framework in Frameworks */ = {isa = PBXBuildFile; fileRef = 5837D059D71DE2E906604E80 /* Pods_DreamJobTests.framework */; };
		52167917221DF7CE009DD2A1 /* ProfileUpdateViewController.swift in Sources */ = {isa = PBXBuildFile; fileRef = 52167915221DF7CE009DD2A1 /* ProfileUpdateViewController.swift */; };
		52167918221DF7CE009DD2A1 /* ProfileUpdateViewController.xib in Resources */ = {isa = PBXBuildFile; fileRef = 52167916221DF7CE009DD2A1 /* ProfileUpdateViewController.xib */; };
		52167931221E05EB009DD2A1 /* JobListViewController.swift in Sources */ = {isa = PBXBuildFile; fileRef = 5216792F221E05EB009DD2A1 /* JobListViewController.swift */; };
		52167932221E05EB009DD2A1 /* JobListViewController.xib in Resources */ = {isa = PBXBuildFile; fileRef = 52167930221E05EB009DD2A1 /* JobListViewController.xib */; };
		52167935221E05FD009DD2A1 /* CourseListViewController.swift in Sources */ = {isa = PBXBuildFile; fileRef = 52167933221E05FD009DD2A1 /* CourseListViewController.swift */; };
		52167936221E05FD009DD2A1 /* CourseListViewController.xib in Resources */ = {isa = PBXBuildFile; fileRef = 52167934221E05FD009DD2A1 /* CourseListViewController.xib */; };
		5216793D221E0617009DD2A1 /* JobDetailViewController.swift in Sources */ = {isa = PBXBuildFile; fileRef = 5216793B221E0617009DD2A1 /* JobDetailViewController.swift */; };
		5216793E221E0617009DD2A1 /* JobDetailViewController.xib in Resources */ = {isa = PBXBuildFile; fileRef = 5216793C221E0617009DD2A1 /* JobDetailViewController.xib */; };
		52167947221E0887009DD2A1 /* DataStack.swift in Sources */ = {isa = PBXBuildFile; fileRef = 52167946221E0887009DD2A1 /* DataStack.swift */; };
		521A62642225CFB1003BE6D5 /* BasicProfileInfoViewModelTests.swift in Sources */ = {isa = PBXBuildFile; fileRef = 521A62632225CFB1003BE6D5 /* BasicProfileInfoViewModelTests.swift */; };
		521A62682225D53D003BE6D5 /* DataStack+Helpers.swift in Sources */ = {isa = PBXBuildFile; fileRef = 521A62672225D53D003BE6D5 /* DataStack+Helpers.swift */; };
		521A626B2225E24D003BE6D5 /* CourseCollectionViewCellViewModel.swift in Sources */ = {isa = PBXBuildFile; fileRef = 521A626A2225E24D003BE6D5 /* CourseCollectionViewCellViewModel.swift */; };
		521A626D2225E716003BE6D5 /* CourseCollectionViewCellViewModelTests.swift in Sources */ = {isa = PBXBuildFile; fileRef = 521A626C2225E716003BE6D5 /* CourseCollectionViewCellViewModelTests.swift */; };
		5220A7A22219E8FE00757250 /* AppDelegate.swift in Sources */ = {isa = PBXBuildFile; fileRef = 5220A7A12219E8FE00757250 /* AppDelegate.swift */; };
		5220A7A42219E8FE00757250 /* ViewController.swift in Sources */ = {isa = PBXBuildFile; fileRef = 5220A7A32219E8FE00757250 /* ViewController.swift */; };
		5220A7A72219E8FE00757250 /* Main.storyboard in Resources */ = {isa = PBXBuildFile; fileRef = 5220A7A52219E8FE00757250 /* Main.storyboard */; };
		5220A7AA2219E8FE00757250 /* DreamJob.xcdatamodeld in Sources */ = {isa = PBXBuildFile; fileRef = 5220A7A82219E8FE00757250 /* DreamJob.xcdatamodeld */; };
		5220A7AC2219E90200757250 /* Assets.xcassets in Resources */ = {isa = PBXBuildFile; fileRef = 5220A7AB2219E90200757250 /* Assets.xcassets */; };
		5220A7AF2219E90200757250 /* LaunchScreen.storyboard in Resources */ = {isa = PBXBuildFile; fileRef = 5220A7AD2219E90200757250 /* LaunchScreen.storyboard */; };
		5220A7BA2219E90300757250 /* DreamJobUITests.swift in Sources */ = {isa = PBXBuildFile; fileRef = 5220A7B92219E90300757250 /* DreamJobUITests.swift */; };
		52D860D222289D6400F93D54 /* ProfileViewModelTests.swift in Sources */ = {isa = PBXBuildFile; fileRef = 52D860D122289D6400F93D54 /* ProfileViewModelTests.swift */; };
		52D860D52228A71900F93D54 /* ProfileViewController.swift in Sources */ = {isa = PBXBuildFile; fileRef = 52D860D32228A71900F93D54 /* ProfileViewController.swift */; };
		52D860D62228A71900F93D54 /* ProfileViewController.xib in Resources */ = {isa = PBXBuildFile; fileRef = 52D860D42228A71900F93D54 /* ProfileViewController.xib */; };
		52D860D92228A74F00F93D54 /* ProfileViewControllerTests.swift in Sources */ = {isa = PBXBuildFile; fileRef = 52D860D82228A74F00F93D54 /* ProfileViewControllerTests.swift */; };
		52D860F3222AC9E900F93D54 /* UIViewController+Helpers.swift in Sources */ = {isa = PBXBuildFile; fileRef = 52D860F2222AC9E900F93D54 /* UIViewController+Helpers.swift */; };
		52D860F7222ACCDF00F93D54 /* BasicProfileInfoCollectionReusableView.swift in Sources */ = {isa = PBXBuildFile; fileRef = 52D860F5222ACCDF00F93D54 /* BasicProfileInfoCollectionReusableView.swift */; };
		52D860F8222ACCDF00F93D54 /* BasicProfileInfoCollectionReusableView.xib in Resources */ = {isa = PBXBuildFile; fileRef = 52D860F6222ACCDF00F93D54 /* BasicProfileInfoCollectionReusableView.xib */; };
		52D860FB222B082E00F93D54 /* BasicProfileInfoCollectionReusableViewTests.swift in Sources */ = {isa = PBXBuildFile; fileRef = 52D860FA222B082E00F93D54 /* BasicProfileInfoCollectionReusableViewTests.swift */; };
		52D860FF222B352000F93D54 /* CourseCollectionViewCell.swift in Sources */ = {isa = PBXBuildFile; fileRef = 52D860FD222B352000F93D54 /* CourseCollectionViewCell.swift */; };
		52D86100222B352000F93D54 /* CourseCollectionViewCell.xib in Resources */ = {isa = PBXBuildFile; fileRef = 52D860FE222B352000F93D54 /* CourseCollectionViewCell.xib */; };
		52D86103222B35B700F93D54 /* CourseCollectionViewCellTests.swift in Sources */ = {isa = PBXBuildFile; fileRef = 52D86102222B35B700F93D54 /* CourseCollectionViewCellTests.swift */; };
		52D86108222BCBC600F93D54 /* ProfileCoordinator.swift in Sources */ = {isa = PBXBuildFile; fileRef = 52D86107222BCBC600F93D54 /* ProfileCoordinator.swift */; };
		52D8610B222BDC3500F93D54 /* ProfileViewSection.swift in Sources */ = {isa = PBXBuildFile; fileRef = 52D8610A222BDC3500F93D54 /* ProfileViewSection.swift */; };
		52E4696122207A5600EBD838 /* Presentable.swift in Sources */ = {isa = PBXBuildFile; fileRef = 52E4696022207A5600EBD838 /* Presentable.swift */; };
		52E4696322207A7600EBD838 /* Router.swift in Sources */ = {isa = PBXBuildFile; fileRef = 52E4696222207A7600EBD838 /* Router.swift */; };
		52E4696522207BD900EBD838 /* BaseCoordinator.swift in Sources */ = {isa = PBXBuildFile; fileRef = 52E4696422207BD900EBD838 /* BaseCoordinator.swift */; };
		52E469682220805C00EBD838 /* CourseDetailViewController.swift in Sources */ = {isa = PBXBuildFile; fileRef = 52E469662220805C00EBD838 /* CourseDetailViewController.swift */; };
		52E469692220805C00EBD838 /* CourseDetailViewController.xib in Resources */ = {isa = PBXBuildFile; fileRef = 52E469672220805C00EBD838 /* CourseDetailViewController.xib */; };
		52E469832220893200EBD838 /* AppCoordinatorTests.swift in Sources */ = {isa = PBXBuildFile; fileRef = 52E469822220893200EBD838 /* AppCoordinatorTests.swift */; };
		52E469852222A5BB00EBD838 /* AppCoordinator.swift in Sources */ = {isa = PBXBuildFile; fileRef = 52E469842222A5BB00EBD838 /* AppCoordinator.swift */; };
		52E469882222AD3100EBD838 /* MockCoreDataStack.swift in Sources */ = {isa = PBXBuildFile; fileRef = 52E469872222AD3100EBD838 /* MockCoreDataStack.swift */; };
		52E4698B2222B5E300EBD838 /* ProfileManager.swift in Sources */ = {isa = PBXBuildFile; fileRef = 52E4698A2222B5E300EBD838 /* ProfileManager.swift */; };
		52E4698E2222B82100EBD838 /* MockProfileManager.swift in Sources */ = {isa = PBXBuildFile; fileRef = 52E4698D2222B82100EBD838 /* MockProfileManager.swift */; };
		52E469912222CB1600EBD838 /* UIViewController+Helper.swift in Sources */ = {isa = PBXBuildFile; fileRef = 52E469902222CB1600EBD838 /* UIViewController+Helper.swift */; };
		52E469932222D17800EBD838 /* ProfileUpdateCoordinator.swift in Sources */ = {isa = PBXBuildFile; fileRef = 52E469922222D17800EBD838 /* ProfileUpdateCoordinator.swift */; };
		52E469952222D36000EBD838 /* ProfileUpdateViewModel.swift in Sources */ = {isa = PBXBuildFile; fileRef = 52E469942222D36000EBD838 /* ProfileUpdateViewModel.swift */; };
		52E4699822231E7500EBD838 /* ProfileUpdateViewControllerTests.swift in Sources */ = {isa = PBXBuildFile; fileRef = 52E4699722231E7500EBD838 /* ProfileUpdateViewControllerTests.swift */; };
		52E469A322248CA600EBD838 /* ProfileViewModel.swift in Sources */ = {isa = PBXBuildFile; fileRef = 52E469A222248CA600EBD838 /* ProfileViewModel.swift */; };
		52E469A62224947B00EBD838 /* BasicProfileInfoViewModel.swift in Sources */ = {isa = PBXBuildFile; fileRef = 52E469A52224947B00EBD838 /* BasicProfileInfoViewModel.swift */; };
		52E469AB22249D7100EBD838 /* Profile+Rx.swift in Sources */ = {isa = PBXBuildFile; fileRef = 52E469AA22249D7100EBD838 /* Profile+Rx.swift */; };
		52E469B12224A31100EBD838 /* ProfileRxTests.swift in Sources */ = {isa = PBXBuildFile; fileRef = 52E469B02224A31100EBD838 /* ProfileRxTests.swift */; };
		FDBBC5A155D1C6BA1CAC1879 /* Pods_DreamJob.framework in Frameworks */ = {isa = PBXBuildFile; fileRef = 996FC91286D006AE7A2077EE /* Pods_DreamJob.framework */; };
/* End PBXBuildFile section */

/* Begin PBXContainerItemProxy section */
		5220A7B62219E90300757250 /* PBXContainerItemProxy */ = {
			isa = PBXContainerItemProxy;
			containerPortal = 5220A7962219E8FE00757250 /* Project object */;
			proxyType = 1;
			remoteGlobalIDString = 5220A79D2219E8FE00757250;
			remoteInfo = DreamJob;
		};
		52E46973222087DE00EBD838 /* PBXContainerItemProxy */ = {
			isa = PBXContainerItemProxy;
			containerPortal = 5220A7962219E8FE00757250 /* Project object */;
			proxyType = 1;
			remoteGlobalIDString = 5220A79D2219E8FE00757250;
			remoteInfo = DreamJob;
		};
/* End PBXContainerItemProxy section */

/* Begin PBXFileReference section */
		0106ABFF0EBAF2832867C3F9 /* Pods-DreamJobTests.release.xcconfig */ = {isa = PBXFileReference; includeInIndex = 1; lastKnownFileType = text.xcconfig; name = "Pods-DreamJobTests.release.xcconfig"; path = "Pods/Target Support Files/Pods-DreamJobTests/Pods-DreamJobTests.release.xcconfig"; sourceTree = "<group>"; };
		52167915221DF7CE009DD2A1 /* ProfileUpdateViewController.swift */ = {isa = PBXFileReference; lastKnownFileType = sourcecode.swift; path = ProfileUpdateViewController.swift; sourceTree = "<group>"; };
		52167916221DF7CE009DD2A1 /* ProfileUpdateViewController.xib */ = {isa = PBXFileReference; lastKnownFileType = file.xib; path = ProfileUpdateViewController.xib; sourceTree = "<group>"; };
		5216792F221E05EB009DD2A1 /* JobListViewController.swift */ = {isa = PBXFileReference; lastKnownFileType = sourcecode.swift; path = JobListViewController.swift; sourceTree = "<group>"; };
		52167930221E05EB009DD2A1 /* JobListViewController.xib */ = {isa = PBXFileReference; lastKnownFileType = file.xib; path = JobListViewController.xib; sourceTree = "<group>"; };
		52167933221E05FD009DD2A1 /* CourseListViewController.swift */ = {isa = PBXFileReference; lastKnownFileType = sourcecode.swift; path = CourseListViewController.swift; sourceTree = "<group>"; };
		52167934221E05FD009DD2A1 /* CourseListViewController.xib */ = {isa = PBXFileReference; lastKnownFileType = file.xib; path = CourseListViewController.xib; sourceTree = "<group>"; };
		5216793B221E0617009DD2A1 /* JobDetailViewController.swift */ = {isa = PBXFileReference; lastKnownFileType = sourcecode.swift; path = JobDetailViewController.swift; sourceTree = "<group>"; };
		5216793C221E0617009DD2A1 /* JobDetailViewController.xib */ = {isa = PBXFileReference; lastKnownFileType = file.xib; path = JobDetailViewController.xib; sourceTree = "<group>"; };
		52167946221E0887009DD2A1 /* DataStack.swift */ = {isa = PBXFileReference; lastKnownFileType = sourcecode.swift; path = DataStack.swift; sourceTree = "<group>"; };
		521A62632225CFB1003BE6D5 /* BasicProfileInfoViewModelTests.swift */ = {isa = PBXFileReference; lastKnownFileType = sourcecode.swift; path = BasicProfileInfoViewModelTests.swift; sourceTree = "<group>"; };
		521A62672225D53D003BE6D5 /* DataStack+Helpers.swift */ = {isa = PBXFileReference; lastKnownFileType = sourcecode.swift; path = "DataStack+Helpers.swift"; sourceTree = "<group>"; };
		521A626A2225E24D003BE6D5 /* CourseCollectionViewCellViewModel.swift */ = {isa = PBXFileReference; lastKnownFileType = sourcecode.swift; path = CourseCollectionViewCellViewModel.swift; sourceTree = "<group>"; };
		521A626C2225E716003BE6D5 /* CourseCollectionViewCellViewModelTests.swift */ = {isa = PBXFileReference; lastKnownFileType = sourcecode.swift; path = CourseCollectionViewCellViewModelTests.swift; sourceTree = "<group>"; };
		5220A79E2219E8FE00757250 /* DreamJob.app */ = {isa = PBXFileReference; explicitFileType = wrapper.application; includeInIndex = 0; path = DreamJob.app; sourceTree = BUILT_PRODUCTS_DIR; };
		5220A7A12219E8FE00757250 /* AppDelegate.swift */ = {isa = PBXFileReference; lastKnownFileType = sourcecode.swift; path = AppDelegate.swift; sourceTree = "<group>"; };
		5220A7A32219E8FE00757250 /* ViewController.swift */ = {isa = PBXFileReference; lastKnownFileType = sourcecode.swift; path = ViewController.swift; sourceTree = "<group>"; };
		5220A7A62219E8FE00757250 /* Base */ = {isa = PBXFileReference; lastKnownFileType = file.storyboard; name = Base; path = Base.lproj/Main.storyboard; sourceTree = "<group>"; };
		5220A7A92219E8FE00757250 /* DreamJob.xcdatamodel */ = {isa = PBXFileReference; lastKnownFileType = wrapper.xcdatamodel; path = DreamJob.xcdatamodel; sourceTree = "<group>"; };
		5220A7AB2219E90200757250 /* Assets.xcassets */ = {isa = PBXFileReference; lastKnownFileType = folder.assetcatalog; path = Assets.xcassets; sourceTree = "<group>"; };
		5220A7AE2219E90200757250 /* Base */ = {isa = PBXFileReference; lastKnownFileType = file.storyboard; name = Base; path = Base.lproj/LaunchScreen.storyboard; sourceTree = "<group>"; };
		5220A7B02219E90200757250 /* Info.plist */ = {isa = PBXFileReference; lastKnownFileType = text.plist.xml; path = Info.plist; sourceTree = "<group>"; };
		5220A7B52219E90300757250 /* DreamJobUITests.xctest */ = {isa = PBXFileReference; explicitFileType = wrapper.cfbundle; includeInIndex = 0; path = DreamJobUITests.xctest; sourceTree = BUILT_PRODUCTS_DIR; };
		5220A7B92219E90300757250 /* DreamJobUITests.swift */ = {isa = PBXFileReference; lastKnownFileType = sourcecode.swift; path = DreamJobUITests.swift; sourceTree = "<group>"; };
		5220A7BB2219E90300757250 /* Info.plist */ = {isa = PBXFileReference; lastKnownFileType = text.plist.xml; path = Info.plist; sourceTree = "<group>"; };
		52D860D122289D6400F93D54 /* ProfileViewModelTests.swift */ = {isa = PBXFileReference; lastKnownFileType = sourcecode.swift; path = ProfileViewModelTests.swift; sourceTree = "<group>"; };
		52D860D32228A71900F93D54 /* ProfileViewController.swift */ = {isa = PBXFileReference; lastKnownFileType = sourcecode.swift; path = ProfileViewController.swift; sourceTree = "<group>"; };
		52D860D42228A71900F93D54 /* ProfileViewController.xib */ = {isa = PBXFileReference; lastKnownFileType = file.xib; path = ProfileViewController.xib; sourceTree = "<group>"; };
		52D860D82228A74F00F93D54 /* ProfileViewControllerTests.swift */ = {isa = PBXFileReference; lastKnownFileType = sourcecode.swift; path = ProfileViewControllerTests.swift; sourceTree = "<group>"; };
		52D860F2222AC9E900F93D54 /* UIViewController+Helpers.swift */ = {isa = PBXFileReference; lastKnownFileType = sourcecode.swift; path = "UIViewController+Helpers.swift"; sourceTree = "<group>"; };
		52D860F5222ACCDF00F93D54 /* BasicProfileInfoCollectionReusableView.swift */ = {isa = PBXFileReference; lastKnownFileType = sourcecode.swift; path = BasicProfileInfoCollectionReusableView.swift; sourceTree = "<group>"; };
		52D860F6222ACCDF00F93D54 /* BasicProfileInfoCollectionReusableView.xib */ = {isa = PBXFileReference; lastKnownFileType = file.xib; path = BasicProfileInfoCollectionReusableView.xib; sourceTree = "<group>"; };
		52D860FA222B082E00F93D54 /* BasicProfileInfoCollectionReusableViewTests.swift */ = {isa = PBXFileReference; lastKnownFileType = sourcecode.swift; path = BasicProfileInfoCollectionReusableViewTests.swift; sourceTree = "<group>"; };
		52D860FD222B352000F93D54 /* CourseCollectionViewCell.swift */ = {isa = PBXFileReference; lastKnownFileType = sourcecode.swift; path = CourseCollectionViewCell.swift; sourceTree = "<group>"; };
		52D860FE222B352000F93D54 /* CourseCollectionViewCell.xib */ = {isa = PBXFileReference; lastKnownFileType = file.xib; path = CourseCollectionViewCell.xib; sourceTree = "<group>"; };
		52D86102222B35B700F93D54 /* CourseCollectionViewCellTests.swift */ = {isa = PBXFileReference; lastKnownFileType = sourcecode.swift; path = CourseCollectionViewCellTests.swift; sourceTree = "<group>"; };
		52D86107222BCBC600F93D54 /* ProfileCoordinator.swift */ = {isa = PBXFileReference; lastKnownFileType = sourcecode.swift; path = ProfileCoordinator.swift; sourceTree = "<group>"; };
		52D8610A222BDC3500F93D54 /* ProfileViewSection.swift */ = {isa = PBXFileReference; lastKnownFileType = sourcecode.swift; path = ProfileViewSection.swift; sourceTree = "<group>"; };
		52E4696022207A5600EBD838 /* Presentable.swift */ = {isa = PBXFileReference; lastKnownFileType = sourcecode.swift; path = Presentable.swift; sourceTree = "<group>"; };
		52E4696222207A7600EBD838 /* Router.swift */ = {isa = PBXFileReference; lastKnownFileType = sourcecode.swift; path = Router.swift; sourceTree = "<group>"; };
		52E4696422207BD900EBD838 /* BaseCoordinator.swift */ = {isa = PBXFileReference; lastKnownFileType = sourcecode.swift; path = BaseCoordinator.swift; sourceTree = "<group>"; };
		52E469662220805C00EBD838 /* CourseDetailViewController.swift */ = {isa = PBXFileReference; lastKnownFileType = sourcecode.swift; path = CourseDetailViewController.swift; sourceTree = "<group>"; };
		52E469672220805C00EBD838 /* CourseDetailViewController.xib */ = {isa = PBXFileReference; lastKnownFileType = file.xib; path = CourseDetailViewController.xib; sourceTree = "<group>"; };
		52E4696E222087DE00EBD838 /* DreamJobTests.xctest */ = {isa = PBXFileReference; explicitFileType = wrapper.cfbundle; includeInIndex = 0; path = DreamJobTests.xctest; sourceTree = BUILT_PRODUCTS_DIR; };
		52E46972222087DE00EBD838 /* Info.plist */ = {isa = PBXFileReference; lastKnownFileType = text.plist.xml; path = Info.plist; sourceTree = "<group>"; };
		52E469812220893200EBD838 /* DreamJobTests-Bridging-Header.h */ = {isa = PBXFileReference; lastKnownFileType = sourcecode.c.h; path = "DreamJobTests-Bridging-Header.h"; sourceTree = "<group>"; };
		52E469822220893200EBD838 /* AppCoordinatorTests.swift */ = {isa = PBXFileReference; lastKnownFileType = sourcecode.swift; path = AppCoordinatorTests.swift; sourceTree = "<group>"; };
		52E469842222A5BB00EBD838 /* AppCoordinator.swift */ = {isa = PBXFileReference; lastKnownFileType = sourcecode.swift; path = AppCoordinator.swift; sourceTree = "<group>"; };
		52E469872222AD3100EBD838 /* MockCoreDataStack.swift */ = {isa = PBXFileReference; lastKnownFileType = sourcecode.swift; path = MockCoreDataStack.swift; sourceTree = "<group>"; };
		52E4698A2222B5E300EBD838 /* ProfileManager.swift */ = {isa = PBXFileReference; lastKnownFileType = sourcecode.swift; path = ProfileManager.swift; sourceTree = "<group>"; };
		52E4698D2222B82100EBD838 /* MockProfileManager.swift */ = {isa = PBXFileReference; lastKnownFileType = sourcecode.swift; path = MockProfileManager.swift; sourceTree = "<group>"; };
		52E469902222CB1600EBD838 /* UIViewController+Helper.swift */ = {isa = PBXFileReference; lastKnownFileType = sourcecode.swift; path = "UIViewController+Helper.swift"; sourceTree = "<group>"; };
		52E469922222D17800EBD838 /* ProfileUpdateCoordinator.swift */ = {isa = PBXFileReference; lastKnownFileType = sourcecode.swift; path = ProfileUpdateCoordinator.swift; sourceTree = "<group>"; };
		52E469942222D36000EBD838 /* ProfileUpdateViewModel.swift */ = {isa = PBXFileReference; lastKnownFileType = sourcecode.swift; path = ProfileUpdateViewModel.swift; sourceTree = "<group>"; };
		52E4699722231E7500EBD838 /* ProfileUpdateViewControllerTests.swift */ = {isa = PBXFileReference; lastKnownFileType = sourcecode.swift; path = ProfileUpdateViewControllerTests.swift; sourceTree = "<group>"; };
		52E469A222248CA600EBD838 /* ProfileViewModel.swift */ = {isa = PBXFileReference; lastKnownFileType = sourcecode.swift; path = ProfileViewModel.swift; sourceTree = "<group>"; };
		52E469A52224947B00EBD838 /* BasicProfileInfoViewModel.swift */ = {isa = PBXFileReference; lastKnownFileType = sourcecode.swift; path = BasicProfileInfoViewModel.swift; sourceTree = "<group>"; };
		52E469AA22249D7100EBD838 /* Profile+Rx.swift */ = {isa = PBXFileReference; lastKnownFileType = sourcecode.swift; path = "Profile+Rx.swift"; sourceTree = "<group>"; };
		52E469B02224A31100EBD838 /* ProfileRxTests.swift */ = {isa = PBXFileReference; lastKnownFileType = sourcecode.swift; path = ProfileRxTests.swift; sourceTree = "<group>"; };
		5837D059D71DE2E906604E80 /* Pods_DreamJobTests.framework */ = {isa = PBXFileReference; explicitFileType = wrapper.framework; includeInIndex = 0; path = Pods_DreamJobTests.framework; sourceTree = BUILT_PRODUCTS_DIR; };
		996FC91286D006AE7A2077EE /* Pods_DreamJob.framework */ = {isa = PBXFileReference; explicitFileType = wrapper.framework; includeInIndex = 0; path = Pods_DreamJob.framework; sourceTree = BUILT_PRODUCTS_DIR; };
		B2F7CE9818CB29BC37E4E03B /* Pods-DreamJob.release.xcconfig */ = {isa = PBXFileReference; includeInIndex = 1; lastKnownFileType = text.xcconfig; name = "Pods-DreamJob.release.xcconfig"; path = "Pods/Target Support Files/Pods-DreamJob/Pods-DreamJob.release.xcconfig"; sourceTree = "<group>"; };
		CC18809B7FA18A159E5F71CB /* Pods-DreamJobTests.debug.xcconfig */ = {isa = PBXFileReference; includeInIndex = 1; lastKnownFileType = text.xcconfig; name = "Pods-DreamJobTests.debug.xcconfig"; path = "Pods/Target Support Files/Pods-DreamJobTests/Pods-DreamJobTests.debug.xcconfig"; sourceTree = "<group>"; };
		E592F2E3B5BD1ABEA87EFE4A /* Pods_DreamJobUITests.framework */ = {isa = PBXFileReference; explicitFileType = wrapper.framework; includeInIndex = 0; path = Pods_DreamJobUITests.framework; sourceTree = BUILT_PRODUCTS_DIR; };
		F8CCDE62A9753A5C3B761F76 /* Pods-DreamJob.debug.xcconfig */ = {isa = PBXFileReference; includeInIndex = 1; lastKnownFileType = text.xcconfig; name = "Pods-DreamJob.debug.xcconfig"; path = "Pods/Target Support Files/Pods-DreamJob/Pods-DreamJob.debug.xcconfig"; sourceTree = "<group>"; };
/* End PBXFileReference section */

/* Begin PBXFrameworksBuildPhase section */
		5220A79B2219E8FE00757250 /* Frameworks */ = {
			isa = PBXFrameworksBuildPhase;
			buildActionMask = 2147483647;
			files = (
				FDBBC5A155D1C6BA1CAC1879 /* Pods_DreamJob.framework in Frameworks */,
			);
			runOnlyForDeploymentPostprocessing = 0;
		};
		5220A7B22219E90300757250 /* Frameworks */ = {
			isa = PBXFrameworksBuildPhase;
			buildActionMask = 2147483647;
			files = (
			);
			runOnlyForDeploymentPostprocessing = 0;
		};
		52E4696B222087DE00EBD838 /* Frameworks */ = {
			isa = PBXFrameworksBuildPhase;
			buildActionMask = 2147483647;
			files = (
				2A480F1197E0E4A962F32D6A /* Pods_DreamJobTests.framework in Frameworks */,
			);
			runOnlyForDeploymentPostprocessing = 0;
		};
/* End PBXFrameworksBuildPhase section */

/* Begin PBXGroup section */
		0F77A420A1E9F5D0580C281C /* Frameworks */ = {
			isa = PBXGroup;
			children = (
				996FC91286D006AE7A2077EE /* Pods_DreamJob.framework */,
				E592F2E3B5BD1ABEA87EFE4A /* Pods_DreamJobUITests.framework */,
				5837D059D71DE2E906604E80 /* Pods_DreamJobTests.framework */,
			);
			name = Frameworks;
			sourceTree = "<group>";
		};
		3D45E6DCA0FFBAD8A59A19BC /* Pods */ = {
			isa = PBXGroup;
			children = (
				F8CCDE62A9753A5C3B761F76 /* Pods-DreamJob.debug.xcconfig */,
				B2F7CE9818CB29BC37E4E03B /* Pods-DreamJob.release.xcconfig */,
				CC18809B7FA18A159E5F71CB /* Pods-DreamJobTests.debug.xcconfig */,
				0106ABFF0EBAF2832867C3F9 /* Pods-DreamJobTests.release.xcconfig */,
			);
			name = Pods;
			sourceTree = "<group>";
		};
		52167913221DF7A0009DD2A1 /* ViewControllers */ = {
			isa = PBXGroup;
			children = (
				52167929221E04E5009DD2A1 /* ProfileViewController */,
				52167926221DF986009DD2A1 /* JobDetailViewController */,
				52167923221DF95C009DD2A1 /* CourseDetailViewController */,
				52167920221DF89D009DD2A1 /* CourseListViewController */,
				5216791D221DF854009DD2A1 /* JobListViewController */,
				52167914221DF7AA009DD2A1 /* ProfileUpdateViewController */,
			);
			path = ViewControllers;
			sourceTree = "<group>";
		};
		52167914221DF7AA009DD2A1 /* ProfileUpdateViewController */ = {
			isa = PBXGroup;
			children = (
				52167915221DF7CE009DD2A1 /* ProfileUpdateViewController.swift */,
				52167916221DF7CE009DD2A1 /* ProfileUpdateViewController.xib */,
			);
			path = ProfileUpdateViewController;
			sourceTree = "<group>";
		};
		52167919221DF7DD009DD2A1 /* ViewModels */ = {
			isa = PBXGroup;
			children = (
				521A62692225E239003BE6D5 /* CourseCollectionViewCellViewModel */,
				52E469A42224945300EBD838 /* BasicProfileInfoViewModel */,
				5216792A221E04ED009DD2A1 /* ProfileViewModel */,
				52167927221DF996009DD2A1 /* JobDetailViewModel */,
				52167924221DF966009DD2A1 /* CourseDetailViewModel */,
				52167921221DF92A009DD2A1 /* CourseListViewModel */,
				5216791E221DF869009DD2A1 /* JobListViewModel */,
				5216791B221DF808009DD2A1 /* ProfileUpdateViewModel */,
			);
			path = ViewModels;
			sourceTree = "<group>";
		};
		5216791A221DF7FD009DD2A1 /* Coordinators */ = {
			isa = PBXGroup;
			children = (
				52167944221E065F009DD2A1 /* BaseCoordinator */,
				52167943221E0654009DD2A1 /* AppCoordinator */,
				5216792B221E04F4009DD2A1 /* ProfileCoordinator */,
				52167928221DF99D009DD2A1 /* JobDetailCoordinator */,
				52167925221DF96E009DD2A1 /* CourseDetailCoordinator */,
				52167922221DF932009DD2A1 /* CourseListCoordinator */,
				5216791F221DF881009DD2A1 /* JobListCoordinator */,
				5216791C221DF82A009DD2A1 /* ProfileUpdateCoordinator */,
			);
			path = Coordinators;
			sourceTree = "<group>";
		};
		5216791B221DF808009DD2A1 /* ProfileUpdateViewModel */ = {
			isa = PBXGroup;
			children = (
				52E469942222D36000EBD838 /* ProfileUpdateViewModel.swift */,
			);
			path = ProfileUpdateViewModel;
			sourceTree = "<group>";
		};
		5216791C221DF82A009DD2A1 /* ProfileUpdateCoordinator */ = {
			isa = PBXGroup;
			children = (
				52E469922222D17800EBD838 /* ProfileUpdateCoordinator.swift */,
			);
			path = ProfileUpdateCoordinator;
			sourceTree = "<group>";
		};
		5216791D221DF854009DD2A1 /* JobListViewController */ = {
			isa = PBXGroup;
			children = (
				5216792F221E05EB009DD2A1 /* JobListViewController.swift */,
				52167930221E05EB009DD2A1 /* JobListViewController.xib */,
			);
			path = JobListViewController;
			sourceTree = "<group>";
		};
		5216791E221DF869009DD2A1 /* JobListViewModel */ = {
			isa = PBXGroup;
			children = (
			);
			path = JobListViewModel;
			sourceTree = "<group>";
		};
		5216791F221DF881009DD2A1 /* JobListCoordinator */ = {
			isa = PBXGroup;
			children = (
			);
			path = JobListCoordinator;
			sourceTree = "<group>";
		};
		52167920221DF89D009DD2A1 /* CourseListViewController */ = {
			isa = PBXGroup;
			children = (
				52167933221E05FD009DD2A1 /* CourseListViewController.swift */,
				52167934221E05FD009DD2A1 /* CourseListViewController.xib */,
			);
			path = CourseListViewController;
			sourceTree = "<group>";
		};
		52167921221DF92A009DD2A1 /* CourseListViewModel */ = {
			isa = PBXGroup;
			children = (
			);
			path = CourseListViewModel;
			sourceTree = "<group>";
		};
		52167922221DF932009DD2A1 /* CourseListCoordinator */ = {
			isa = PBXGroup;
			children = (
			);
			path = CourseListCoordinator;
			sourceTree = "<group>";
		};
		52167923221DF95C009DD2A1 /* CourseDetailViewController */ = {
			isa = PBXGroup;
			children = (
				52E469662220805C00EBD838 /* CourseDetailViewController.swift */,
				52E469672220805C00EBD838 /* CourseDetailViewController.xib */,
			);
			path = CourseDetailViewController;
			sourceTree = "<group>";
		};
		52167924221DF966009DD2A1 /* CourseDetailViewModel */ = {
			isa = PBXGroup;
			children = (
			);
			path = CourseDetailViewModel;
			sourceTree = "<group>";
		};
		52167925221DF96E009DD2A1 /* CourseDetailCoordinator */ = {
			isa = PBXGroup;
			children = (
			);
			path = CourseDetailCoordinator;
			sourceTree = "<group>";
		};
		52167926221DF986009DD2A1 /* JobDetailViewController */ = {
			isa = PBXGroup;
			children = (
				5216793B221E0617009DD2A1 /* JobDetailViewController.swift */,
				5216793C221E0617009DD2A1 /* JobDetailViewController.xib */,
			);
			path = JobDetailViewController;
			sourceTree = "<group>";
		};
		52167927221DF996009DD2A1 /* JobDetailViewModel */ = {
			isa = PBXGroup;
			children = (
			);
			path = JobDetailViewModel;
			sourceTree = "<group>";
		};
		52167928221DF99D009DD2A1 /* JobDetailCoordinator */ = {
			isa = PBXGroup;
			children = (
			);
			path = JobDetailCoordinator;
			sourceTree = "<group>";
		};
		52167929221E04E5009DD2A1 /* ProfileViewController */ = {
			isa = PBXGroup;
			children = (
				52D860FC222B350700F93D54 /* CourseCollectionViewCell */,
				52D860F4222ACCA100F93D54 /* BasicProfileInfoCollectionReusableView */,
				52D860D32228A71900F93D54 /* ProfileViewController.swift */,
				52D860D42228A71900F93D54 /* ProfileViewController.xib */,
			);
			path = ProfileViewController;
			sourceTree = "<group>";
		};
		5216792A221E04ED009DD2A1 /* ProfileViewModel */ = {
			isa = PBXGroup;
			children = (
				52E469A222248CA600EBD838 /* ProfileViewModel.swift */,
			);
			path = ProfileViewModel;
			sourceTree = "<group>";
		};
		5216792B221E04F4009DD2A1 /* ProfileCoordinator */ = {
			isa = PBXGroup;
			children = (
				52D86107222BCBC600F93D54 /* ProfileCoordinator.swift */,
			);
			path = ProfileCoordinator;
			sourceTree = "<group>";
		};
		5216792C221E0504009DD2A1 /* Helpers */ = {
			isa = PBXGroup;
			children = (
				52E4698F2222CAF900EBD838 /* UIViewController */,
			);
			path = Helpers;
			sourceTree = "<group>";
		};
		5216792D221E050B009DD2A1 /* Services */ = {
			isa = PBXGroup;
			children = (
				52E469892222B5D100EBD838 /* ProfileManager */,
				5216792E221E059F009DD2A1 /* DataStack */,
			);
			path = Services;
			sourceTree = "<group>";
		};
		5216792E221E059F009DD2A1 /* DataStack */ = {
			isa = PBXGroup;
			children = (
				52167946221E0887009DD2A1 /* DataStack.swift */,
			);
			path = DataStack;
			sourceTree = "<group>";
		};
		52167943221E0654009DD2A1 /* AppCoordinator */ = {
			isa = PBXGroup;
			children = (
				52E469842222A5BB00EBD838 /* AppCoordinator.swift */,
			);
			path = AppCoordinator;
			sourceTree = "<group>";
		};
		52167944221E065F009DD2A1 /* BaseCoordinator */ = {
			isa = PBXGroup;
			children = (
				52E4696422207BD900EBD838 /* BaseCoordinator.swift */,
			);
			path = BaseCoordinator;
			sourceTree = "<group>";
		};
		52167945221E0679009DD2A1 /* Routers */ = {
			isa = PBXGroup;
			children = (
				52E4696022207A5600EBD838 /* Presentable.swift */,
				52E4696222207A7600EBD838 /* Router.swift */,
			);
			path = Routers;
			sourceTree = "<group>";
		};
		521A62652225D517003BE6D5 /* TestHelper */ = {
			isa = PBXGroup;
			children = (
				521A62662225D520003BE6D5 /* CoreDataObjects */,
			);
			path = TestHelper;
			sourceTree = "<group>";
		};
		521A62662225D520003BE6D5 /* CoreDataObjects */ = {
			isa = PBXGroup;
			children = (
				521A62672225D53D003BE6D5 /* DataStack+Helpers.swift */,
			);
			path = CoreDataObjects;
			sourceTree = "<group>";
		};
		521A62692225E239003BE6D5 /* CourseCollectionViewCellViewModel */ = {
			isa = PBXGroup;
			children = (
				521A626A2225E24D003BE6D5 /* CourseCollectionViewCellViewModel.swift */,
			);
			path = CourseCollectionViewCellViewModel;
			sourceTree = "<group>";
		};
		5220A7952219E8FE00757250 = {
			isa = PBXGroup;
			children = (
				5220A7A02219E8FE00757250 /* DreamJob */,
				52E4696F222087DE00EBD838 /* DreamJobTests */,
				5220A7B82219E90300757250 /* DreamJobUITests */,
				5220A79F2219E8FE00757250 /* Products */,
				3D45E6DCA0FFBAD8A59A19BC /* Pods */,
				0F77A420A1E9F5D0580C281C /* Frameworks */,
			);
			sourceTree = "<group>";
		};
		5220A79F2219E8FE00757250 /* Products */ = {
			isa = PBXGroup;
			children = (
				5220A79E2219E8FE00757250 /* DreamJob.app */,
				5220A7B52219E90300757250 /* DreamJobUITests.xctest */,
				52E4696E222087DE00EBD838 /* DreamJobTests.xctest */,
			);
			name = Products;
			sourceTree = "<group>";
		};
		5220A7A02219E8FE00757250 /* DreamJob */ = {
			isa = PBXGroup;
			children = (
				52E469A722249D5200EBD838 /* Extensions */,
				5216792D221E050B009DD2A1 /* Services */,
				52167945221E0679009DD2A1 /* Routers */,
				5216792C221E0504009DD2A1 /* Helpers */,
				5216791A221DF7FD009DD2A1 /* Coordinators */,
				52167919221DF7DD009DD2A1 /* ViewModels */,
				52167913221DF7A0009DD2A1 /* ViewControllers */,
				5220A7A12219E8FE00757250 /* AppDelegate.swift */,
				5220A7A32219E8FE00757250 /* ViewController.swift */,
				5220A7A52219E8FE00757250 /* Main.storyboard */,
				5220A7AB2219E90200757250 /* Assets.xcassets */,
				5220A7AD2219E90200757250 /* LaunchScreen.storyboard */,
				5220A7B02219E90200757250 /* Info.plist */,
				5220A7A82219E8FE00757250 /* DreamJob.xcdatamodeld */,
				52E469812220893200EBD838 /* DreamJobTests-Bridging-Header.h */,
			);
			path = DreamJob;
			sourceTree = "<group>";
		};
		5220A7B82219E90300757250 /* DreamJobUITests */ = {
			isa = PBXGroup;
			children = (
				5220A7B92219E90300757250 /* DreamJobUITests.swift */,
				5220A7BB2219E90300757250 /* Info.plist */,
			);
			path = DreamJobUITests;
			sourceTree = "<group>";
		};
		52D860D72228A73D00F93D54 /* ProfileViewController */ = {
			isa = PBXGroup;
			children = (
				52D86101222B35AB00F93D54 /* CourseCollectionViewCell */,
				52D860F9222B081E00F93D54 /* BasicProfileInfoCollectionReusableView */,
				52D860D82228A74F00F93D54 /* ProfileViewControllerTests.swift */,
			);
			path = ProfileViewController;
			sourceTree = "<group>";
		};
		52D860F1222AC9D900F93D54 /* UIViewController */ = {
			isa = PBXGroup;
			children = (
				52D860F2222AC9E900F93D54 /* UIViewController+Helpers.swift */,
			);
			path = UIViewController;
			sourceTree = "<group>";
		};
		52D860F4222ACCA100F93D54 /* BasicProfileInfoCollectionReusableView */ = {
			isa = PBXGroup;
			children = (
				52D860F5222ACCDF00F93D54 /* BasicProfileInfoCollectionReusableView.swift */,
				52D860F6222ACCDF00F93D54 /* BasicProfileInfoCollectionReusableView.xib */,
			);
			path = BasicProfileInfoCollectionReusableView;
			sourceTree = "<group>";
		};
		52D860F9222B081E00F93D54 /* BasicProfileInfoCollectionReusableView */ = {
			isa = PBXGroup;
			children = (
				52D860FA222B082E00F93D54 /* BasicProfileInfoCollectionReusableViewTests.swift */,
			);
			path = BasicProfileInfoCollectionReusableView;
			sourceTree = "<group>";
		};
		52D860FC222B350700F93D54 /* CourseCollectionViewCell */ = {
			isa = PBXGroup;
			children = (
				52D860FD222B352000F93D54 /* CourseCollectionViewCell.swift */,
				52D860FE222B352000F93D54 /* CourseCollectionViewCell.xib */,
			);
			path = CourseCollectionViewCell;
			sourceTree = "<group>";
		};
		52D86101222B35AB00F93D54 /* CourseCollectionViewCell */ = {
			isa = PBXGroup;
			children = (
				52D86102222B35B700F93D54 /* CourseCollectionViewCellTests.swift */,
			);
			path = CourseCollectionViewCell;
			sourceTree = "<group>";
		};
		52D86109222BDC2200F93D54 /* DataSource */ = {
			isa = PBXGroup;
			children = (
				52D8610A222BDC3500F93D54 /* ProfileViewSection.swift */,
			);
			path = DataSource;
			sourceTree = "<group>";
		};
		52E4696F222087DE00EBD838 /* DreamJobTests */ = {
			isa = PBXGroup;
			children = (
				521A62652225D517003BE6D5 /* TestHelper */,
				52E469AD2224A2EC00EBD838 /* Extensions */,
				52E4697D2220881C00EBD838 /* Services */,
				52E4697C2220881600EBD838 /* Routers */,
				52E4697B2220881000EBD838 /* Helpers */,
				52E4697A2220880A00EBD838 /* Coordinators */,
				52E469792220880500EBD838 /* ViewModels */,
				52E46978222087FE00EBD838 /* ViewControllers */,
				52E46972222087DE00EBD838 /* Info.plist */,
			);
			path = DreamJobTests;
			sourceTree = "<group>";
		};
		52E46978222087FE00EBD838 /* ViewControllers */ = {
			isa = PBXGroup;
			children = (
				52D860D72228A73D00F93D54 /* ProfileViewController */,
				52E4699622231E6A00EBD838 /* ProfileUpdateViewController */,
			);
			path = ViewControllers;
			sourceTree = "<group>";
		};
		52E469792220880500EBD838 /* ViewModels */ = {
			isa = PBXGroup;
			children = (
				521A62632225CFB1003BE6D5 /* BasicProfileInfoViewModelTests.swift */,
				521A626C2225E716003BE6D5 /* CourseCollectionViewCellViewModelTests.swift */,
				52D860D122289D6400F93D54 /* ProfileViewModelTests.swift */,
			);
			path = ViewModels;
			sourceTree = "<group>";
		};
		52E4697A2220880A00EBD838 /* Coordinators */ = {
			isa = PBXGroup;
			children = (
				52E469802220892800EBD838 /* AppCoordinator */,
			);
			path = Coordinators;
			sourceTree = "<group>";
		};
		52E4697B2220881000EBD838 /* Helpers */ = {
			isa = PBXGroup;
			children = (
				52D860F1222AC9D900F93D54 /* UIViewController */,
			);
			path = Helpers;
			sourceTree = "<group>";
		};
		52E4697C2220881600EBD838 /* Routers */ = {
			isa = PBXGroup;
			children = (
			);
			path = Routers;
			sourceTree = "<group>";
		};
		52E4697D2220881C00EBD838 /* Services */ = {
			isa = PBXGroup;
			children = (
				52E4698C2222B81500EBD838 /* MockProfileManager */,
				52E469862222AD1200EBD838 /* MockCoreDataStack */,
			);
			path = Services;
			sourceTree = "<group>";
		};
		52E469802220892800EBD838 /* AppCoordinator */ = {
			isa = PBXGroup;
			children = (
				52E469822220893200EBD838 /* AppCoordinatorTests.swift */,
			);
			path = AppCoordinator;
			sourceTree = "<group>";
		};
		52E469862222AD1200EBD838 /* MockCoreDataStack */ = {
			isa = PBXGroup;
			children = (
				52E469872222AD3100EBD838 /* MockCoreDataStack.swift */,
			);
			path = MockCoreDataStack;
			sourceTree = "<group>";
		};
		52E469892222B5D100EBD838 /* ProfileManager */ = {
			isa = PBXGroup;
			children = (
				52E4698A2222B5E300EBD838 /* ProfileManager.swift */,
			);
			path = ProfileManager;
			sourceTree = "<group>";
		};
		52E4698C2222B81500EBD838 /* MockProfileManager */ = {
			isa = PBXGroup;
			children = (
				52E4698D2222B82100EBD838 /* MockProfileManager.swift */,
			);
			path = MockProfileManager;
			sourceTree = "<group>";
		};
		52E4698F2222CAF900EBD838 /* UIViewController */ = {
			isa = PBXGroup;
			children = (
				52E469902222CB1600EBD838 /* UIViewController+Helper.swift */,
			);
			path = UIViewController;
			sourceTree = "<group>";
		};
		52E4699622231E6A00EBD838 /* ProfileUpdateViewController */ = {
			isa = PBXGroup;
			children = (
				52E4699722231E7500EBD838 /* ProfileUpdateViewControllerTests.swift */,
			);
			path = ProfileUpdateViewController;
			sourceTree = "<group>";
		};
		52E469A42224945300EBD838 /* BasicProfileInfoViewModel */ = {
			isa = PBXGroup;
			children = (
				52E469A52224947B00EBD838 /* BasicProfileInfoViewModel.swift */,
			);
			path = BasicProfileInfoViewModel;
			sourceTree = "<group>";
		};
		52E469A722249D5200EBD838 /* Extensions */ = {
			isa = PBXGroup;
			children = (
				52E469A822249D5C00EBD838 /* Rx */,
			);
			path = Extensions;
			sourceTree = "<group>";
		};
		52E469A822249D5C00EBD838 /* Rx */ = {
			isa = PBXGroup;
			children = (
				52E469A922249D6100EBD838 /* Models */,
			);
			path = Rx;
			sourceTree = "<group>";
		};
		52E469A922249D6100EBD838 /* Models */ = {
			isa = PBXGroup;
			children = (
				52E469AA22249D7100EBD838 /* Profile+Rx.swift */,
			);
			path = Models;
			sourceTree = "<group>";
		};
		52E469AD2224A2EC00EBD838 /* Extensions */ = {
			isa = PBXGroup;
			children = (
				52E469AE2224A2F200EBD838 /* Rx */,
			);
			path = Extensions;
			sourceTree = "<group>";
		};
		52E469AE2224A2F200EBD838 /* Rx */ = {
			isa = PBXGroup;
			children = (
				52E469AF2224A2F500EBD838 /* Models */,
			);
			path = Rx;
			sourceTree = "<group>";
		};
		52E469AF2224A2F500EBD838 /* Models */ = {
			isa = PBXGroup;
			children = (
				52E469B02224A31100EBD838 /* ProfileRxTests.swift */,
			);
			path = Models;
			sourceTree = "<group>";
		};
/* End PBXGroup section */

/* Begin PBXNativeTarget section */
		5220A79D2219E8FE00757250 /* DreamJob */ = {
			isa = PBXNativeTarget;
			buildConfigurationList = 5220A7BE2219E90300757250 /* Build configuration list for PBXNativeTarget "DreamJob" */;
			buildPhases = (
				285524B663BA6B75618FF321 /* [CP] Check Pods Manifest.lock */,
				5220A79A2219E8FE00757250 /* Sources */,
				5220A79B2219E8FE00757250 /* Frameworks */,
				5220A79C2219E8FE00757250 /* Resources */,
				B1E9748F5342EEDF40E40A84 /* [CP] Embed Pods Frameworks */,
			);
			buildRules = (
			);
			dependencies = (
			);
			name = DreamJob;
			productName = DreamJob;
			productReference = 5220A79E2219E8FE00757250 /* DreamJob.app */;
			productType = "com.apple.product-type.application";
		};
		5220A7B42219E90300757250 /* DreamJobUITests */ = {
			isa = PBXNativeTarget;
			buildConfigurationList = 5220A7C12219E90300757250 /* Build configuration list for PBXNativeTarget "DreamJobUITests" */;
			buildPhases = (
				5220A7B12219E90300757250 /* Sources */,
				5220A7B22219E90300757250 /* Frameworks */,
				5220A7B32219E90300757250 /* Resources */,
			);
			buildRules = (
			);
			dependencies = (
				5220A7B72219E90300757250 /* PBXTargetDependency */,
			);
			name = DreamJobUITests;
			productName = DreamJobUITests;
			productReference = 5220A7B52219E90300757250 /* DreamJobUITests.xctest */;
			productType = "com.apple.product-type.bundle.ui-testing";
		};
		52E4696D222087DE00EBD838 /* DreamJobTests */ = {
			isa = PBXNativeTarget;
			buildConfigurationList = 52E46975222087DE00EBD838 /* Build configuration list for PBXNativeTarget "DreamJobTests" */;
			buildPhases = (
				AA9B1CB49B2918AA0D726459 /* [CP] Check Pods Manifest.lock */,
				52E4696A222087DE00EBD838 /* Sources */,
				52E4696B222087DE00EBD838 /* Frameworks */,
				52E4696C222087DE00EBD838 /* Resources */,
				5159806E9F7FBC998F903295 /* [CP] Embed Pods Frameworks */,
			);
			buildRules = (
			);
			dependencies = (
				52E46974222087DE00EBD838 /* PBXTargetDependency */,
			);
			name = DreamJobTests;
			productName = DreamJobTests;
			productReference = 52E4696E222087DE00EBD838 /* DreamJobTests.xctest */;
			productType = "com.apple.product-type.bundle.unit-test";
		};
/* End PBXNativeTarget section */

/* Begin PBXProject section */
		5220A7962219E8FE00757250 /* Project object */ = {
			isa = PBXProject;
			attributes = {
				LastSwiftUpdateCheck = 1010;
				LastUpgradeCheck = 1010;
				ORGANIZATIONNAME = "Vo Tung";
				TargetAttributes = {
					5220A79D2219E8FE00757250 = {
						CreatedOnToolsVersion = 10.1;
					};
					5220A7B42219E90300757250 = {
						CreatedOnToolsVersion = 10.1;
						TestTargetID = 5220A79D2219E8FE00757250;
					};
					52E4696D222087DE00EBD838 = {
						CreatedOnToolsVersion = 10.1;
						LastSwiftMigration = 1010;
						TestTargetID = 5220A79D2219E8FE00757250;
					};
				};
			};
			buildConfigurationList = 5220A7992219E8FE00757250 /* Build configuration list for PBXProject "DreamJob" */;
			compatibilityVersion = "Xcode 9.3";
			developmentRegion = en;
			hasScannedForEncodings = 0;
			knownRegions = (
				en,
				Base,
			);
			mainGroup = 5220A7952219E8FE00757250;
			productRefGroup = 5220A79F2219E8FE00757250 /* Products */;
			projectDirPath = "";
			projectRoot = "";
			targets = (
				5220A79D2219E8FE00757250 /* DreamJob */,
				52E4696D222087DE00EBD838 /* DreamJobTests */,
				5220A7B42219E90300757250 /* DreamJobUITests */,
			);
		};
/* End PBXProject section */

/* Begin PBXResourcesBuildPhase section */
		5220A79C2219E8FE00757250 /* Resources */ = {
			isa = PBXResourcesBuildPhase;
			buildActionMask = 2147483647;
			files = (
				52D860D62228A71900F93D54 /* ProfileViewController.xib in Resources */,
				5220A7AF2219E90200757250 /* LaunchScreen.storyboard in Resources */,
				52D860F8222ACCDF00F93D54 /* BasicProfileInfoCollectionReusableView.xib in Resources */,
				5216793E221E0617009DD2A1 /* JobDetailViewController.xib in Resources */,
				5220A7AC2219E90200757250 /* Assets.xcassets in Resources */,
				52E469692220805C00EBD838 /* CourseDetailViewController.xib in Resources */,
				52D86100222B352000F93D54 /* CourseCollectionViewCell.xib in Resources */,
				5220A7A72219E8FE00757250 /* Main.storyboard in Resources */,
				52167918221DF7CE009DD2A1 /* ProfileUpdateViewController.xib in Resources */,
				52167932221E05EB009DD2A1 /* JobListViewController.xib in Resources */,
				52167936221E05FD009DD2A1 /* CourseListViewController.xib in Resources */,
			);
			runOnlyForDeploymentPostprocessing = 0;
		};
		5220A7B32219E90300757250 /* Resources */ = {
			isa = PBXResourcesBuildPhase;
			buildActionMask = 2147483647;
			files = (
			);
			runOnlyForDeploymentPostprocessing = 0;
		};
		52E4696C222087DE00EBD838 /* Resources */ = {
			isa = PBXResourcesBuildPhase;
			buildActionMask = 2147483647;
			files = (
			);
			runOnlyForDeploymentPostprocessing = 0;
		};
/* End PBXResourcesBuildPhase section */

/* Begin PBXShellScriptBuildPhase section */
		285524B663BA6B75618FF321 /* [CP] Check Pods Manifest.lock */ = {
			isa = PBXShellScriptBuildPhase;
			buildActionMask = 2147483647;
			files = (
			);
			inputFileListPaths = (
			);
			inputPaths = (
				"${PODS_PODFILE_DIR_PATH}/Podfile.lock",
				"${PODS_ROOT}/Manifest.lock",
			);
			name = "[CP] Check Pods Manifest.lock";
			outputFileListPaths = (
			);
			outputPaths = (
				"$(DERIVED_FILE_DIR)/Pods-DreamJob-checkManifestLockResult.txt",
			);
			runOnlyForDeploymentPostprocessing = 0;
			shellPath = /bin/sh;
			shellScript = "diff \"${PODS_PODFILE_DIR_PATH}/Podfile.lock\" \"${PODS_ROOT}/Manifest.lock\" > /dev/null\nif [ $? != 0 ] ; then\n    # print error to STDERR\n    echo \"error: The sandbox is not in sync with the Podfile.lock. Run 'pod install' or update your CocoaPods installation.\" >&2\n    exit 1\nfi\n# This output is used by Xcode 'outputs' to avoid re-running this script phase.\necho \"SUCCESS\" > \"${SCRIPT_OUTPUT_FILE_0}\"\n";
			showEnvVarsInLog = 0;
		};
		5159806E9F7FBC998F903295 /* [CP] Embed Pods Frameworks */ = {
			isa = PBXShellScriptBuildPhase;
			buildActionMask = 2147483647;
			files = (
			);
			inputFileListPaths = (
			);
			inputPaths = (
				"${SRCROOT}/Pods/Target Support Files/Pods-DreamJobTests/Pods-DreamJobTests-frameworks.sh",
				"${BUILT_PRODUCTS_DIR}/RxAtomic/RxAtomic.framework",
				"${BUILT_PRODUCTS_DIR}/RxSwift/RxSwift.framework",
				"${BUILT_PRODUCTS_DIR}/Nimble/Nimble.framework",
				"${BUILT_PRODUCTS_DIR}/RxBlocking/RxBlocking.framework",
				"${BUILT_PRODUCTS_DIR}/RxTest/RxTest.framework",
			);
			name = "[CP] Embed Pods Frameworks";
			outputFileListPaths = (
			);
			outputPaths = (
				"${TARGET_BUILD_DIR}/${FRAMEWORKS_FOLDER_PATH}/RxAtomic.framework",
				"${TARGET_BUILD_DIR}/${FRAMEWORKS_FOLDER_PATH}/RxSwift.framework",
				"${TARGET_BUILD_DIR}/${FRAMEWORKS_FOLDER_PATH}/Nimble.framework",
				"${TARGET_BUILD_DIR}/${FRAMEWORKS_FOLDER_PATH}/RxBlocking.framework",
				"${TARGET_BUILD_DIR}/${FRAMEWORKS_FOLDER_PATH}/RxTest.framework",
			);
			runOnlyForDeploymentPostprocessing = 0;
			shellPath = /bin/sh;
			shellScript = "\"${SRCROOT}/Pods/Target Support Files/Pods-DreamJobTests/Pods-DreamJobTests-frameworks.sh\"\n";
			showEnvVarsInLog = 0;
		};
		AA9B1CB49B2918AA0D726459 /* [CP] Check Pods Manifest.lock */ = {
			isa = PBXShellScriptBuildPhase;
			buildActionMask = 2147483647;
			files = (
			);
			inputFileListPaths = (
			);
			inputPaths = (
				"${PODS_PODFILE_DIR_PATH}/Podfile.lock",
				"${PODS_ROOT}/Manifest.lock",
			);
			name = "[CP] Check Pods Manifest.lock";
			outputFileListPaths = (
			);
			outputPaths = (
				"$(DERIVED_FILE_DIR)/Pods-DreamJobTests-checkManifestLockResult.txt",
			);
			runOnlyForDeploymentPostprocessing = 0;
			shellPath = /bin/sh;
			shellScript = "diff \"${PODS_PODFILE_DIR_PATH}/Podfile.lock\" \"${PODS_ROOT}/Manifest.lock\" > /dev/null\nif [ $? != 0 ] ; then\n    # print error to STDERR\n    echo \"error: The sandbox is not in sync with the Podfile.lock. Run 'pod install' or update your CocoaPods installation.\" >&2\n    exit 1\nfi\n# This output is used by Xcode 'outputs' to avoid re-running this script phase.\necho \"SUCCESS\" > \"${SCRIPT_OUTPUT_FILE_0}\"\n";
			showEnvVarsInLog = 0;
		};
		B1E9748F5342EEDF40E40A84 /* [CP] Embed Pods Frameworks */ = {
			isa = PBXShellScriptBuildPhase;
			buildActionMask = 2147483647;
			files = (
			);
			inputFileListPaths = (
			);
			inputPaths = (
				"${SRCROOT}/Pods/Target Support Files/Pods-DreamJob/Pods-DreamJob-frameworks.sh",
				"${BUILT_PRODUCTS_DIR}/DTContainerController/DTContainerController.framework",
				"${BUILT_PRODUCTS_DIR}/DatePicker/DatePicker.framework",
				"${BUILT_PRODUCTS_DIR}/Differentiator/Differentiator.framework",
				"${BUILT_PRODUCTS_DIR}/Extended/Extended.framework",
				"${BUILT_PRODUCTS_DIR}/RxAtomic/RxAtomic.framework",
				"${BUILT_PRODUCTS_DIR}/RxCocoa/RxCocoa.framework",
				"${BUILT_PRODUCTS_DIR}/RxDataSources/RxDataSources.framework",
				"${BUILT_PRODUCTS_DIR}/RxSwift/RxSwift.framework",
			);
			name = "[CP] Embed Pods Frameworks";
			outputFileListPaths = (
			);
			outputPaths = (
				"${TARGET_BUILD_DIR}/${FRAMEWORKS_FOLDER_PATH}/DTContainerController.framework",
				"${TARGET_BUILD_DIR}/${FRAMEWORKS_FOLDER_PATH}/DatePicker.framework",
				"${TARGET_BUILD_DIR}/${FRAMEWORKS_FOLDER_PATH}/Differentiator.framework",
				"${TARGET_BUILD_DIR}/${FRAMEWORKS_FOLDER_PATH}/Extended.framework",
				"${TARGET_BUILD_DIR}/${FRAMEWORKS_FOLDER_PATH}/RxAtomic.framework",
				"${TARGET_BUILD_DIR}/${FRAMEWORKS_FOLDER_PATH}/RxCocoa.framework",
				"${TARGET_BUILD_DIR}/${FRAMEWORKS_FOLDER_PATH}/RxDataSources.framework",
				"${TARGET_BUILD_DIR}/${FRAMEWORKS_FOLDER_PATH}/RxSwift.framework",
			);
			runOnlyForDeploymentPostprocessing = 0;
			shellPath = /bin/sh;
			shellScript = "\"${SRCROOT}/Pods/Target Support Files/Pods-DreamJob/Pods-DreamJob-frameworks.sh\"\n";
			showEnvVarsInLog = 0;
		};
/* End PBXShellScriptBuildPhase section */

/* Begin PBXSourcesBuildPhase section */
		5220A79A2219E8FE00757250 /* Sources */ = {
			isa = PBXSourcesBuildPhase;
			buildActionMask = 2147483647;
			files = (
				52E469912222CB1600EBD838 /* UIViewController+Helper.swift in Sources */,
				52E469A322248CA600EBD838 /* ProfileViewModel.swift in Sources */,
				52E469952222D36000EBD838 /* ProfileUpdateViewModel.swift in Sources */,
				52167947221E0887009DD2A1 /* DataStack.swift in Sources */,
				52E4698B2222B5E300EBD838 /* ProfileManager.swift in Sources */,
				52E469A62224947B00EBD838 /* BasicProfileInfoViewModel.swift in Sources */,
				52D860F7222ACCDF00F93D54 /* BasicProfileInfoCollectionReusableView.swift in Sources */,
				52D86108222BCBC600F93D54 /* ProfileCoordinator.swift in Sources */,
				52D8610B222BDC3500F93D54 /* ProfileViewSection.swift in Sources */,
				52D860D52228A71900F93D54 /* ProfileViewController.swift in Sources */,
				52E469682220805C00EBD838 /* CourseDetailViewController.swift in Sources */,
				52D860FF222B352000F93D54 /* CourseCollectionViewCell.swift in Sources */,
				5220A7A42219E8FE00757250 /* ViewController.swift in Sources */,
				521A626B2225E24D003BE6D5 /* CourseCollectionViewCellViewModel.swift in Sources */,
				52E4696522207BD900EBD838 /* BaseCoordinator.swift in Sources */,
				52167917221DF7CE009DD2A1 /* ProfileUpdateViewController.swift in Sources */,
				52167931221E05EB009DD2A1 /* JobListViewController.swift in Sources */,
				52E469852222A5BB00EBD838 /* AppCoordinator.swift in Sources */,
				52E4696322207A7600EBD838 /* Router.swift in Sources */,
				52E469932222D17800EBD838 /* ProfileUpdateCoordinator.swift in Sources */,
				5220A7A22219E8FE00757250 /* AppDelegate.swift in Sources */,
				5216793D221E0617009DD2A1 /* JobDetailViewController.swift in Sources */,
				5220A7AA2219E8FE00757250 /* DreamJob.xcdatamodeld in Sources */,
				52E4696122207A5600EBD838 /* Presentable.swift in Sources */,
				52E469AB22249D7100EBD838 /* Profile+Rx.swift in Sources */,
				52167935221E05FD009DD2A1 /* CourseListViewController.swift in Sources */,
			);
			runOnlyForDeploymentPostprocessing = 0;
		};
		5220A7B12219E90300757250 /* Sources */ = {
			isa = PBXSourcesBuildPhase;
			buildActionMask = 2147483647;
			files = (
				5220A7BA2219E90300757250 /* DreamJobUITests.swift in Sources */,
			);
			runOnlyForDeploymentPostprocessing = 0;
		};
		52E4696A222087DE00EBD838 /* Sources */ = {
			isa = PBXSourcesBuildPhase;
			buildActionMask = 2147483647;
			files = (
				52D860FB222B082E00F93D54 /* BasicProfileInfoCollectionReusableViewTests.swift in Sources */,
				52E4698E2222B82100EBD838 /* MockProfileManager.swift in Sources */,
				52E469832220893200EBD838 /* AppCoordinatorTests.swift in Sources */,
				52E469882222AD3100EBD838 /* MockCoreDataStack.swift in Sources */,
				52E4699822231E7500EBD838 /* ProfileUpdateViewControllerTests.swift in Sources */,
				52D860D222289D6400F93D54 /* ProfileViewModelTests.swift in Sources */,
				52E469B12224A31100EBD838 /* ProfileRxTests.swift in Sources */,
				52D86103222B35B700F93D54 /* CourseCollectionViewCellTests.swift in Sources */,
				52D860D92228A74F00F93D54 /* ProfileViewControllerTests.swift in Sources */,
				521A62642225CFB1003BE6D5 /* BasicProfileInfoViewModelTests.swift in Sources */,
				52D860F3222AC9E900F93D54 /* UIViewController+Helpers.swift in Sources */,
				521A626D2225E716003BE6D5 /* CourseCollectionViewCellViewModelTests.swift in Sources */,
				521A62682225D53D003BE6D5 /* DataStack+Helpers.swift in Sources */,
			);
			runOnlyForDeploymentPostprocessing = 0;
		};
/* End PBXSourcesBuildPhase section */

/* Begin PBXTargetDependency section */
		5220A7B72219E90300757250 /* PBXTargetDependency */ = {
			isa = PBXTargetDependency;
			target = 5220A79D2219E8FE00757250 /* DreamJob */;
			targetProxy = 5220A7B62219E90300757250 /* PBXContainerItemProxy */;
		};
		52E46974222087DE00EBD838 /* PBXTargetDependency */ = {
			isa = PBXTargetDependency;
			target = 5220A79D2219E8FE00757250 /* DreamJob */;
			targetProxy = 52E46973222087DE00EBD838 /* PBXContainerItemProxy */;
		};
/* End PBXTargetDependency section */

/* Begin PBXVariantGroup section */
		5220A7A52219E8FE00757250 /* Main.storyboard */ = {
			isa = PBXVariantGroup;
			children = (
				5220A7A62219E8FE00757250 /* Base */,
			);
			name = Main.storyboard;
			sourceTree = "<group>";
		};
		5220A7AD2219E90200757250 /* LaunchScreen.storyboard */ = {
			isa = PBXVariantGroup;
			children = (
				5220A7AE2219E90200757250 /* Base */,
			);
			name = LaunchScreen.storyboard;
			sourceTree = "<group>";
		};
/* End PBXVariantGroup section */

/* Begin XCBuildConfiguration section */
		5220A7BC2219E90300757250 /* Debug */ = {
			isa = XCBuildConfiguration;
			buildSettings = {
				ALWAYS_SEARCH_USER_PATHS = NO;
				CLANG_ANALYZER_NONNULL = YES;
				CLANG_ANALYZER_NUMBER_OBJECT_CONVERSION = YES_AGGRESSIVE;
				CLANG_CXX_LANGUAGE_STANDARD = "gnu++14";
				CLANG_CXX_LIBRARY = "libc++";
				CLANG_ENABLE_MODULES = YES;
				CLANG_ENABLE_OBJC_ARC = YES;
				CLANG_ENABLE_OBJC_WEAK = YES;
				CLANG_WARN_BLOCK_CAPTURE_AUTORELEASING = YES;
				CLANG_WARN_BOOL_CONVERSION = YES;
				CLANG_WARN_COMMA = YES;
				CLANG_WARN_CONSTANT_CONVERSION = YES;
				CLANG_WARN_DEPRECATED_OBJC_IMPLEMENTATIONS = YES;
				CLANG_WARN_DIRECT_OBJC_ISA_USAGE = YES_ERROR;
				CLANG_WARN_DOCUMENTATION_COMMENTS = YES;
				CLANG_WARN_EMPTY_BODY = YES;
				CLANG_WARN_ENUM_CONVERSION = YES;
				CLANG_WARN_INFINITE_RECURSION = YES;
				CLANG_WARN_INT_CONVERSION = YES;
				CLANG_WARN_NON_LITERAL_NULL_CONVERSION = YES;
				CLANG_WARN_OBJC_IMPLICIT_RETAIN_SELF = YES;
				CLANG_WARN_OBJC_LITERAL_CONVERSION = YES;
				CLANG_WARN_OBJC_ROOT_CLASS = YES_ERROR;
				CLANG_WARN_RANGE_LOOP_ANALYSIS = YES;
				CLANG_WARN_STRICT_PROTOTYPES = YES;
				CLANG_WARN_SUSPICIOUS_MOVE = YES;
				CLANG_WARN_UNGUARDED_AVAILABILITY = YES_AGGRESSIVE;
				CLANG_WARN_UNREACHABLE_CODE = YES;
				CLANG_WARN__DUPLICATE_METHOD_MATCH = YES;
				CODE_SIGN_IDENTITY = "iPhone Developer";
				COPY_PHASE_STRIP = NO;
				DEBUG_INFORMATION_FORMAT = dwarf;
				ENABLE_STRICT_OBJC_MSGSEND = YES;
				ENABLE_TESTABILITY = YES;
				GCC_C_LANGUAGE_STANDARD = gnu11;
				GCC_DYNAMIC_NO_PIC = NO;
				GCC_NO_COMMON_BLOCKS = YES;
				GCC_OPTIMIZATION_LEVEL = 0;
				GCC_PREPROCESSOR_DEFINITIONS = (
					"DEBUG=1",
					"$(inherited)",
				);
				GCC_WARN_64_TO_32_BIT_CONVERSION = YES;
				GCC_WARN_ABOUT_RETURN_TYPE = YES_ERROR;
				GCC_WARN_UNDECLARED_SELECTOR = YES;
				GCC_WARN_UNINITIALIZED_AUTOS = YES_AGGRESSIVE;
				GCC_WARN_UNUSED_FUNCTION = YES;
				GCC_WARN_UNUSED_VARIABLE = YES;
				IPHONEOS_DEPLOYMENT_TARGET = 12.1;
				MTL_ENABLE_DEBUG_INFO = INCLUDE_SOURCE;
				MTL_FAST_MATH = YES;
				ONLY_ACTIVE_ARCH = YES;
				SDKROOT = iphoneos;
				SWIFT_ACTIVE_COMPILATION_CONDITIONS = DEBUG;
				SWIFT_OPTIMIZATION_LEVEL = "-Onone";
			};
			name = Debug;
		};
		5220A7BD2219E90300757250 /* Release */ = {
			isa = XCBuildConfiguration;
			buildSettings = {
				ALWAYS_SEARCH_USER_PATHS = NO;
				CLANG_ANALYZER_NONNULL = YES;
				CLANG_ANALYZER_NUMBER_OBJECT_CONVERSION = YES_AGGRESSIVE;
				CLANG_CXX_LANGUAGE_STANDARD = "gnu++14";
				CLANG_CXX_LIBRARY = "libc++";
				CLANG_ENABLE_MODULES = YES;
				CLANG_ENABLE_OBJC_ARC = YES;
				CLANG_ENABLE_OBJC_WEAK = YES;
				CLANG_WARN_BLOCK_CAPTURE_AUTORELEASING = YES;
				CLANG_WARN_BOOL_CONVERSION = YES;
				CLANG_WARN_COMMA = YES;
				CLANG_WARN_CONSTANT_CONVERSION = YES;
				CLANG_WARN_DEPRECATED_OBJC_IMPLEMENTATIONS = YES;
				CLANG_WARN_DIRECT_OBJC_ISA_USAGE = YES_ERROR;
				CLANG_WARN_DOCUMENTATION_COMMENTS = YES;
				CLANG_WARN_EMPTY_BODY = YES;
				CLANG_WARN_ENUM_CONVERSION = YES;
				CLANG_WARN_INFINITE_RECURSION = YES;
				CLANG_WARN_INT_CONVERSION = YES;
				CLANG_WARN_NON_LITERAL_NULL_CONVERSION = YES;
				CLANG_WARN_OBJC_IMPLICIT_RETAIN_SELF = YES;
				CLANG_WARN_OBJC_LITERAL_CONVERSION = YES;
				CLANG_WARN_OBJC_ROOT_CLASS = YES_ERROR;
				CLANG_WARN_RANGE_LOOP_ANALYSIS = YES;
				CLANG_WARN_STRICT_PROTOTYPES = YES;
				CLANG_WARN_SUSPICIOUS_MOVE = YES;
				CLANG_WARN_UNGUARDED_AVAILABILITY = YES_AGGRESSIVE;
				CLANG_WARN_UNREACHABLE_CODE = YES;
				CLANG_WARN__DUPLICATE_METHOD_MATCH = YES;
				CODE_SIGN_IDENTITY = "iPhone Developer";
				COPY_PHASE_STRIP = NO;
				DEBUG_INFORMATION_FORMAT = "dwarf-with-dsym";
				ENABLE_NS_ASSERTIONS = NO;
				ENABLE_STRICT_OBJC_MSGSEND = YES;
				GCC_C_LANGUAGE_STANDARD = gnu11;
				GCC_NO_COMMON_BLOCKS = YES;
				GCC_WARN_64_TO_32_BIT_CONVERSION = YES;
				GCC_WARN_ABOUT_RETURN_TYPE = YES_ERROR;
				GCC_WARN_UNDECLARED_SELECTOR = YES;
				GCC_WARN_UNINITIALIZED_AUTOS = YES_AGGRESSIVE;
				GCC_WARN_UNUSED_FUNCTION = YES;
				GCC_WARN_UNUSED_VARIABLE = YES;
				IPHONEOS_DEPLOYMENT_TARGET = 12.1;
				MTL_ENABLE_DEBUG_INFO = NO;
				MTL_FAST_MATH = YES;
				SDKROOT = iphoneos;
				SWIFT_COMPILATION_MODE = wholemodule;
				SWIFT_OPTIMIZATION_LEVEL = "-O";
				VALIDATE_PRODUCT = YES;
			};
			name = Release;
		};
		5220A7BF2219E90300757250 /* Debug */ = {
			isa = XCBuildConfiguration;
			baseConfigurationReference = F8CCDE62A9753A5C3B761F76 /* Pods-DreamJob.debug.xcconfig */;
			buildSettings = {
				ASSETCATALOG_COMPILER_APPICON_NAME = AppIcon;
				CODE_SIGN_STYLE = Automatic;
				DEVELOPMENT_TEAM = Q8HFXRRGLT;
				INFOPLIST_FILE = DreamJob/Info.plist;
				LD_RUNPATH_SEARCH_PATHS = (
					"$(inherited)",
					"@executable_path/Frameworks",
				);
				PRODUCT_BUNDLE_IDENTIFIER = tungvoduc.DreamJob;
				PRODUCT_NAME = "$(TARGET_NAME)";
				SWIFT_VERSION = 4.2;
				TARGETED_DEVICE_FAMILY = "1,2";
			};
			name = Debug;
		};
		5220A7C02219E90300757250 /* Release */ = {
			isa = XCBuildConfiguration;
			baseConfigurationReference = B2F7CE9818CB29BC37E4E03B /* Pods-DreamJob.release.xcconfig */;
			buildSettings = {
				ASSETCATALOG_COMPILER_APPICON_NAME = AppIcon;
				CODE_SIGN_STYLE = Automatic;
				DEVELOPMENT_TEAM = Q8HFXRRGLT;
				INFOPLIST_FILE = DreamJob/Info.plist;
				LD_RUNPATH_SEARCH_PATHS = (
					"$(inherited)",
					"@executable_path/Frameworks",
				);
				PRODUCT_BUNDLE_IDENTIFIER = tungvoduc.DreamJob;
				PRODUCT_NAME = "$(TARGET_NAME)";
				SWIFT_VERSION = 4.2;
				TARGETED_DEVICE_FAMILY = "1,2";
			};
			name = Release;
		};
		5220A7C22219E90300757250 /* Debug */ = {
			isa = XCBuildConfiguration;
			buildSettings = {
				ALWAYS_EMBED_SWIFT_STANDARD_LIBRARIES = YES;
				CODE_SIGN_STYLE = Automatic;
				DEVELOPMENT_TEAM = Q8HFXRRGLT;
				INFOPLIST_FILE = DreamJobUITests/Info.plist;
				LD_RUNPATH_SEARCH_PATHS = (
					"$(inherited)",
					"@executable_path/Frameworks",
					"@loader_path/Frameworks",
				);
				PRODUCT_BUNDLE_IDENTIFIER = tungvoduc.DreamJobUITests;
				PRODUCT_NAME = "$(TARGET_NAME)";
				SWIFT_VERSION = 4.2;
				TARGETED_DEVICE_FAMILY = "1,2";
				TEST_TARGET_NAME = DreamJob;
			};
			name = Debug;
		};
		5220A7C32219E90300757250 /* Release */ = {
			isa = XCBuildConfiguration;
			buildSettings = {
				ALWAYS_EMBED_SWIFT_STANDARD_LIBRARIES = YES;
				CODE_SIGN_STYLE = Automatic;
				DEVELOPMENT_TEAM = Q8HFXRRGLT;
				INFOPLIST_FILE = DreamJobUITests/Info.plist;
				LD_RUNPATH_SEARCH_PATHS = (
					"$(inherited)",
					"@executable_path/Frameworks",
					"@loader_path/Frameworks",
				);
				PRODUCT_BUNDLE_IDENTIFIER = tungvoduc.DreamJobUITests;
				PRODUCT_NAME = "$(TARGET_NAME)";
				SWIFT_VERSION = 4.2;
				TARGETED_DEVICE_FAMILY = "1,2";
				TEST_TARGET_NAME = DreamJob;
			};
			name = Release;
		};
		52E46976222087DE00EBD838 /* Debug */ = {
			isa = XCBuildConfiguration;
			baseConfigurationReference = CC18809B7FA18A159E5F71CB /* Pods-DreamJobTests.debug.xcconfig */;
			buildSettings = {
				BUNDLE_LOADER = "$(TEST_HOST)";
				CLANG_ENABLE_MODULES = YES;
				CODE_SIGN_STYLE = Automatic;
				DEVELOPMENT_TEAM = Q8HFXRRGLT;
				INFOPLIST_FILE = DreamJobTests/Info.plist;
				LD_RUNPATH_SEARCH_PATHS = (
					"$(inherited)",
					"@executable_path/Frameworks",
					"@loader_path/Frameworks",
				);
				PRODUCT_BUNDLE_IDENTIFIER = tungvoduc.DreamJobTests;
				PRODUCT_NAME = "$(TARGET_NAME)";
				SWIFT_OBJC_BRIDGING_HEADER = "DreamJob/DreamJobTests-Bridging-Header.h";
				SWIFT_OPTIMIZATION_LEVEL = "-Onone";
				SWIFT_VERSION = 4.2;
				TARGETED_DEVICE_FAMILY = "1,2";
				TEST_HOST = "$(BUILT_PRODUCTS_DIR)/DreamJob.app/DreamJob";
			};
			name = Debug;
		};
		52E46977222087DE00EBD838 /* Release */ = {
			isa = XCBuildConfiguration;
			baseConfigurationReference = 0106ABFF0EBAF2832867C3F9 /* Pods-DreamJobTests.release.xcconfig */;
			buildSettings = {
				BUNDLE_LOADER = "$(TEST_HOST)";
				CLANG_ENABLE_MODULES = YES;
				CODE_SIGN_STYLE = Automatic;
				DEVELOPMENT_TEAM = Q8HFXRRGLT;
				INFOPLIST_FILE = DreamJobTests/Info.plist;
				LD_RUNPATH_SEARCH_PATHS = (
					"$(inherited)",
					"@executable_path/Frameworks",
					"@loader_path/Frameworks",
				);
				PRODUCT_BUNDLE_IDENTIFIER = tungvoduc.DreamJobTests;
				PRODUCT_NAME = "$(TARGET_NAME)";
				SWIFT_OBJC_BRIDGING_HEADER = "DreamJob/DreamJobTests-Bridging-Header.h";
				SWIFT_VERSION = 4.2;
				TARGETED_DEVICE_FAMILY = "1,2";
				TEST_HOST = "$(BUILT_PRODUCTS_DIR)/DreamJob.app/DreamJob";
			};
			name = Release;
		};
/* End XCBuildConfiguration section */

/* Begin XCConfigurationList section */
		5220A7992219E8FE00757250 /* Build configuration list for PBXProject "DreamJob" */ = {
			isa = XCConfigurationList;
			buildConfigurations = (
				5220A7BC2219E90300757250 /* Debug */,
				5220A7BD2219E90300757250 /* Release */,
			);
			defaultConfigurationIsVisible = 0;
			defaultConfigurationName = Release;
		};
		5220A7BE2219E90300757250 /* Build configuration list for PBXNativeTarget "DreamJob" */ = {
			isa = XCConfigurationList;
			buildConfigurations = (
				5220A7BF2219E90300757250 /* Debug */,
				5220A7C02219E90300757250 /* Release */,
			);
			defaultConfigurationIsVisible = 0;
			defaultConfigurationName = Release;
		};
		5220A7C12219E90300757250 /* Build configuration list for PBXNativeTarget "DreamJobUITests" */ = {
			isa = XCConfigurationList;
			buildConfigurations = (
				5220A7C22219E90300757250 /* Debug */,
				5220A7C32219E90300757250 /* Release */,
			);
			defaultConfigurationIsVisible = 0;
			defaultConfigurationName = Release;
		};
		52E46975222087DE00EBD838 /* Build configuration list for PBXNativeTarget "DreamJobTests" */ = {
			isa = XCConfigurationList;
			buildConfigurations = (
				52E46976222087DE00EBD838 /* Debug */,
				52E46977222087DE00EBD838 /* Release */,
			);
			defaultConfigurationIsVisible = 0;
			defaultConfigurationName = Release;
		};
/* End XCConfigurationList section */

/* Begin XCVersionGroup section */
		5220A7A82219E8FE00757250 /* DreamJob.xcdatamodeld */ = {
			isa = XCVersionGroup;
			children = (
				5220A7A92219E8FE00757250 /* DreamJob.xcdatamodel */,
			);
			currentVersion = 5220A7A92219E8FE00757250 /* DreamJob.xcdatamodel */;
			path = DreamJob.xcdatamodeld;
			sourceTree = "<group>";
			versionGroupType = wrapper.xcdatamodel;
		};
/* End XCVersionGroup section */
	};
	rootObject = 5220A7962219E8FE00757250 /* Project object */;
}
